// !$*UTF8*$!
{
	archiveVersion = 1;
	classes = {
	};
	objectVersion = 46;
	objects = {

/* Begin PBXBuildFile section */
		24019C4D1ABC19A100672673 /* RegisterViewController.swift in Sources */ = {isa = PBXBuildFile; fileRef = 24019C4C1ABC19A100672673 /* RegisterViewController.swift */; };
		24060F1A1AE6960300A405BC /* StatisticsViewController.swift in Sources */ = {isa = PBXBuildFile; fileRef = 24060F191AE6960300A405BC /* StatisticsViewController.swift */; };
		24060F1C1AE69EFB00A405BC /* WordViewController.swift in Sources */ = {isa = PBXBuildFile; fileRef = 24060F1B1AE69EFB00A405BC /* WordViewController.swift */; };
		240D52991ADEB54900B8E112 /* ImageCache.swift in Sources */ = {isa = PBXBuildFile; fileRef = 240D52901ADEB54900B8E112 /* ImageCache.swift */; };
		240D529A1ADEB54900B8E112 /* ImageDownloader.swift in Sources */ = {isa = PBXBuildFile; fileRef = 240D52911ADEB54900B8E112 /* ImageDownloader.swift */; };
		240D529C1ADEB54900B8E112 /* KingfisherManager.swift in Sources */ = {isa = PBXBuildFile; fileRef = 240D52941ADEB54900B8E112 /* KingfisherManager.swift */; };
		240D529D1ADEB54900B8E112 /* KingfisherOptions.swift in Sources */ = {isa = PBXBuildFile; fileRef = 240D52951ADEB54900B8E112 /* KingfisherOptions.swift */; };
		240D529E1ADEB54900B8E112 /* String+MD5.swift in Sources */ = {isa = PBXBuildFile; fileRef = 240D52961ADEB54900B8E112 /* String+MD5.swift */; };
		240D529F1ADEB54900B8E112 /* UIImage+Decode.swift in Sources */ = {isa = PBXBuildFile; fileRef = 240D52971ADEB54900B8E112 /* UIImage+Decode.swift */; };
		240D52A01ADEB54900B8E112 /* UIImageView+Kingfisher.swift in Sources */ = {isa = PBXBuildFile; fileRef = 240D52981ADEB54900B8E112 /* UIImageView+Kingfisher.swift */; };
		240D52AF1ADEB69E00B8E112 /* UIActionSheet.swift in Sources */ = {isa = PBXBuildFile; fileRef = 240D52A21ADEB69E00B8E112 /* UIActionSheet.swift */; };
		240D52B01ADEB69E00B8E112 /* UIAlertView.swift in Sources */ = {isa = PBXBuildFile; fileRef = 240D52A31ADEB69E00B8E112 /* UIAlertView.swift */; };
		240D52B11ADEB69E00B8E112 /* UIBarButtonItem.swift in Sources */ = {isa = PBXBuildFile; fileRef = 240D52A41ADEB69E00B8E112 /* UIBarButtonItem.swift */; };
		240D52B21ADEB69E00B8E112 /* UIButton.swift in Sources */ = {isa = PBXBuildFile; fileRef = 240D52A51ADEB69E00B8E112 /* UIButton.swift */; };
		240D52B31ADEB69E00B8E112 /* UIControl.swift in Sources */ = {isa = PBXBuildFile; fileRef = 240D52A61ADEB69E00B8E112 /* UIControl.swift */; };
		240D52B41ADEB69E00B8E112 /* UIDatePicker.swift in Sources */ = {isa = PBXBuildFile; fileRef = 240D52A71ADEB69E00B8E112 /* UIDatePicker.swift */; };
		240D52B51ADEB69E00B8E112 /* UIGestureRecognizer.swift in Sources */ = {isa = PBXBuildFile; fileRef = 240D52A81ADEB69E00B8E112 /* UIGestureRecognizer.swift */; };
		240D52B61ADEB69E00B8E112 /* UIRefreshControl.swift in Sources */ = {isa = PBXBuildFile; fileRef = 240D52A91ADEB69E00B8E112 /* UIRefreshControl.swift */; };
		240D52B71ADEB69E00B8E112 /* UISegmentedControl.swift in Sources */ = {isa = PBXBuildFile; fileRef = 240D52AA1ADEB69E00B8E112 /* UISegmentedControl.swift */; };
		240D52B81ADEB69E00B8E112 /* UISlider.swift in Sources */ = {isa = PBXBuildFile; fileRef = 240D52AB1ADEB69E00B8E112 /* UISlider.swift */; };
		240D52B91ADEB69E00B8E112 /* UIStepper.swift in Sources */ = {isa = PBXBuildFile; fileRef = 240D52AC1ADEB69E00B8E112 /* UIStepper.swift */; };
		240D52BA1ADEB69E00B8E112 /* UISwitch.swift in Sources */ = {isa = PBXBuildFile; fileRef = 240D52AD1ADEB69E00B8E112 /* UISwitch.swift */; };
		240D52BB1ADEB69E00B8E112 /* UITextField.swift in Sources */ = {isa = PBXBuildFile; fileRef = 240D52AE1ADEB69E00B8E112 /* UITextField.swift */; };
		2426E8CF1AD96A4E00E47636 /* CE_UICollectionView.swift in Sources */ = {isa = PBXBuildFile; fileRef = 2426E8CD1AD96A4E00E47636 /* CE_UICollectionView.swift */; };
		2426E8D01AD96A4E00E47636 /* CE_UIScrollView.swift in Sources */ = {isa = PBXBuildFile; fileRef = 2426E8CE1AD96A4E00E47636 /* CE_UIScrollView.swift */; };
		242E35B91AC14DA2001EDA0D /* PublicFunc.swift in Sources */ = {isa = PBXBuildFile; fileRef = 242E35B81AC14DA2001EDA0D /* PublicFunc.swift */; };
		242E35BB1AC164D1001EDA0D /* UserInfoViewController.swift in Sources */ = {isa = PBXBuildFile; fileRef = 242E35BA1AC164D1001EDA0D /* UserInfoViewController.swift */; };
		244C19E01ABBFFC000813708 /* AppDelegate.swift in Sources */ = {isa = PBXBuildFile; fileRef = 244C19DF1ABBFFC000813708 /* AppDelegate.swift */; };
		244C19E51ABBFFC000813708 /* Main.storyboard in Resources */ = {isa = PBXBuildFile; fileRef = 244C19E31ABBFFC000813708 /* Main.storyboard */; };
		244C19E71ABBFFC000813708 /* Images.xcassets in Resources */ = {isa = PBXBuildFile; fileRef = 244C19E61ABBFFC000813708 /* Images.xcassets */; };
		244C19EA1ABBFFC000813708 /* LaunchScreen.xib in Resources */ = {isa = PBXBuildFile; fileRef = 244C19E81ABBFFC000813708 /* LaunchScreen.xib */; };
		244C19F61ABBFFC000813708 /* appWEITests.swift in Sources */ = {isa = PBXBuildFile; fileRef = 244C19F51ABBFFC000813708 /* appWEITests.swift */; };
		244C1A0A1ABC007800813708 /* AlamofireExt.swift in Sources */ = {isa = PBXBuildFile; fileRef = 244C1A041ABC007800813708 /* AlamofireExt.swift */; };
		244C1A0F1ABC053A00813708 /* Alamofire.swift in Sources */ = {isa = PBXBuildFile; fileRef = 244C1A0E1ABC053A00813708 /* Alamofire.swift */; };
		24668F8F1ABFFE5A00A303FE /* ServerDataModel.swift in Sources */ = {isa = PBXBuildFile; fileRef = 24668F8E1ABFFE5A00A303FE /* ServerDataModel.swift */; };
		247094C21AC543A500A830F3 /* InviteFriendViewController.swift in Sources */ = {isa = PBXBuildFile; fileRef = 247094C11AC543A500A830F3 /* InviteFriendViewController.swift */; };
		247094C41AC546BF00A830F3 /* InviteContactsTableViewController.swift in Sources */ = {isa = PBXBuildFile; fileRef = 247094C31AC546BF00A830F3 /* InviteContactsTableViewController.swift */; };
		247094C61AC54A9500A830F3 /* AddressBook.framework in Frameworks */ = {isa = PBXBuildFile; fileRef = 247094C51AC54A9500A830F3 /* AddressBook.framework */; };
		2486F6B11ABE92BD0007E070 /* SlideshowViewController.swift in Sources */ = {isa = PBXBuildFile; fileRef = 2486F6B01ABE92BD0007E070 /* SlideshowViewController.swift */; };
		2486F6B31ABE97E40007E070 /* ServerHelper.swift in Sources */ = {isa = PBXBuildFile; fileRef = 2486F6B21ABE97E40007E070 /* ServerHelper.swift */; };
		2486F6B51ABE99E70007E070 /* Const.swift in Sources */ = {isa = PBXBuildFile; fileRef = 2486F6B41ABE99E70007E070 /* Const.swift */; };
		24AA683F1AC3928700F79324 /* DefulatIconsViewController.swift in Sources */ = {isa = PBXBuildFile; fileRef = 24AA683E1AC3928700F79324 /* DefulatIconsViewController.swift */; };
		24AA68411AC3D4C400F79324 /* HomeViewController.swift in Sources */ = {isa = PBXBuildFile; fileRef = 24AA68401AC3D4C400F79324 /* HomeViewController.swift */; };
		24ADB4351AE7DF4C000B4B59 /* MessagesViewController.swift in Sources */ = {isa = PBXBuildFile; fileRef = 24ADB4341AE7DF4C000B4B59 /* MessagesViewController.swift */; };
		24B7808C1AE2522800460DE3 /* ProjectFunc.swift in Sources */ = {isa = PBXBuildFile; fileRef = 24B7808B1AE2522800460DE3 /* ProjectFunc.swift */; };
		24B7808E1AE254FE00460DE3 /* BlacklistViewController.swift in Sources */ = {isa = PBXBuildFile; fileRef = 24B7808D1AE254FE00460DE3 /* BlacklistViewController.swift */; };
		24C388451AE38F5600C05A2D /* CE_NotificationCenter.swift in Sources */ = {isa = PBXBuildFile; fileRef = 24C388441AE38F5600C05A2D /* CE_NotificationCenter.swift */; };
		24DEA24D1AF117B200E0E4AD /* PartnerViewController.swift in Sources */ = {isa = PBXBuildFile; fileRef = 24DEA24C1AF117B200E0E4AD /* PartnerViewController.swift */; };
		24DEA2601AF132F600E0E4AD /* FacebookConnection.framework in Frameworks */ = {isa = PBXBuildFile; fileRef = 24DEA2501AF132F600E0E4AD /* FacebookConnection.framework */; };
		24DEA2611AF132F600E0E4AD /* InstagramConnection.framework in Frameworks */ = {isa = PBXBuildFile; fileRef = 24DEA2511AF132F600E0E4AD /* InstagramConnection.framework */; };
		24DEA2621AF132F600E0E4AD /* WeChatConnection.framework in Frameworks */ = {isa = PBXBuildFile; fileRef = 24DEA2521AF132F600E0E4AD /* WeChatConnection.framework */; };
		24DEA2631AF132F600E0E4AD /* AGCommon.framework in Frameworks */ = {isa = PBXBuildFile; fileRef = 24DEA2541AF132F600E0E4AD /* AGCommon.framework */; };
		24DEA2641AF132F600E0E4AD /* ShareSDKLocalizable.strings in Resources */ = {isa = PBXBuildFile; fileRef = 24DEA2551AF132F600E0E4AD /* ShareSDKLocalizable.strings */; };
		24DEA2651AF132F600E0E4AD /* Resource.bundle in Resources */ = {isa = PBXBuildFile; fileRef = 24DEA2571AF132F600E0E4AD /* Resource.bundle */; };
		24DEA2661AF132F600E0E4AD /* ShareSDKCoreService.framework in Frameworks */ = {isa = PBXBuildFile; fileRef = 24DEA2581AF132F600E0E4AD /* ShareSDKCoreService.framework */; };
		24DEA2671AF132F600E0E4AD /* libWeChatSDK.a in Frameworks */ = {isa = PBXBuildFile; fileRef = 24DEA25C1AF132F600E0E4AD /* libWeChatSDK.a */; };
		24DEA2681AF132F600E0E4AD /* ShareSDK.framework in Frameworks */ = {isa = PBXBuildFile; fileRef = 24DEA25F1AF132F600E0E4AD /* ShareSDK.framework */; };
		24DEA26A1AF1334000E0E4AD /* SystemConfiguration.framework in Frameworks */ = {isa = PBXBuildFile; fileRef = 24DEA2691AF1334000E0E4AD /* SystemConfiguration.framework */; };
		24DEA26C1AF1334800E0E4AD /* QuartzCore.framework in Frameworks */ = {isa = PBXBuildFile; fileRef = 24DEA26B1AF1334800E0E4AD /* QuartzCore.framework */; };
		24DEA26E1AF1335000E0E4AD /* CoreTelephony.framework in Frameworks */ = {isa = PBXBuildFile; fileRef = 24DEA26D1AF1335000E0E4AD /* CoreTelephony.framework */; };
		24DEA2701AF1335600E0E4AD /* libicucore.dylib in Frameworks */ = {isa = PBXBuildFile; fileRef = 24DEA26F1AF1335600E0E4AD /* libicucore.dylib */; };
		24DEA2721AF1335E00E0E4AD /* libz.1.2.5.dylib in Frameworks */ = {isa = PBXBuildFile; fileRef = 24DEA2711AF1335E00E0E4AD /* libz.1.2.5.dylib */; };
		24DEA2741AF1336400E0E4AD /* Security.framework in Frameworks */ = {isa = PBXBuildFile; fileRef = 24DEA2731AF1336400E0E4AD /* Security.framework */; };
		24E02CF81ACAD10B00A17D13 /* Array.swift in Sources */ = {isa = PBXBuildFile; fileRef = 24E02CEA1ACAD10B00A17D13 /* Array.swift */; };
		24E02CF91ACAD10B00A17D13 /* Character.swift in Sources */ = {isa = PBXBuildFile; fileRef = 24E02CEB1ACAD10B00A17D13 /* Character.swift */; };
		24E02CFA1ACAD10B00A17D13 /* Dictionary.swift in Sources */ = {isa = PBXBuildFile; fileRef = 24E02CEC1ACAD10B00A17D13 /* Dictionary.swift */; };
		24E02CFB1ACAD10B00A17D13 /* Double.swift in Sources */ = {isa = PBXBuildFile; fileRef = 24E02CED1ACAD10B00A17D13 /* Double.swift */; };
		24E02CFC1ACAD10B00A17D13 /* ExSwift.swift in Sources */ = {isa = PBXBuildFile; fileRef = 24E02CEF1ACAD10B00A17D13 /* ExSwift.swift */; };
		24E02CFD1ACAD10B00A17D13 /* Float.swift in Sources */ = {isa = PBXBuildFile; fileRef = 24E02CF01ACAD10B00A17D13 /* Float.swift */; };
		24E02CFE1ACAD10B00A17D13 /* Info.plist in Resources */ = {isa = PBXBuildFile; fileRef = 24E02CF11ACAD10B00A17D13 /* Info.plist */; };
		24E02CFF1ACAD10B00A17D13 /* Int.swift in Sources */ = {isa = PBXBuildFile; fileRef = 24E02CF21ACAD10B00A17D13 /* Int.swift */; };
		24E02D001ACAD10B00A17D13 /* NSArray.swift in Sources */ = {isa = PBXBuildFile; fileRef = 24E02CF31ACAD10B00A17D13 /* NSArray.swift */; };
		24E02D011ACAD10B00A17D13 /* NSDate.swift in Sources */ = {isa = PBXBuildFile; fileRef = 24E02CF41ACAD10B00A17D13 /* NSDate.swift */; };
		24E02D021ACAD10B00A17D13 /* Range.swift in Sources */ = {isa = PBXBuildFile; fileRef = 24E02CF51ACAD10B00A17D13 /* Range.swift */; };
		24E02D031ACAD10B00A17D13 /* Sequence.swift in Sources */ = {isa = PBXBuildFile; fileRef = 24E02CF61ACAD10B00A17D13 /* Sequence.swift */; };
		24E02D041ACAD10B00A17D13 /* String.swift in Sources */ = {isa = PBXBuildFile; fileRef = 24E02CF71ACAD10B00A17D13 /* String.swift */; };
		24E0A3011ABFF0D5002D6E7F /* LaunchScreenViewController.swift in Sources */ = {isa = PBXBuildFile; fileRef = 24E0A3001ABFF0D5002D6E7F /* LaunchScreenViewController.swift */; };
		24E0A3031ABFF337002D6E7F /* AppDelegateExt.swift in Sources */ = {isa = PBXBuildFile; fileRef = 24E0A3021ABFF337002D6E7F /* AppDelegateExt.swift */; };
		24E0CCDB1AC4454300CDF40A /* CoreLocation.framework in Frameworks */ = {isa = PBXBuildFile; fileRef = 24E0CCDA1AC4454300CDF40A /* CoreLocation.framework */; };
		24E0EF501AF25E9900B44C68 /* PartnerMessagesViewController.swift in Sources */ = {isa = PBXBuildFile; fileRef = 24E0EF4F1AF25E9900B44C68 /* PartnerMessagesViewController.swift */; };
		24E0EF5D1AF2664D00B44C68 /* PartnerMessageTableViewCell.swift in Sources */ = {isa = PBXBuildFile; fileRef = 24E0EF5B1AF2664D00B44C68 /* PartnerMessageTableViewCell.swift */; };
		24E0EF5E1AF2664D00B44C68 /* PartnerMessageTableViewCell.xib in Resources */ = {isa = PBXBuildFile; fileRef = 24E0EF5C1AF2664D00B44C68 /* PartnerMessageTableViewCell.xib */; };
		24E1519A1AEE79670013FD74 /* SelectFriendsViewController.swift in Sources */ = {isa = PBXBuildFile; fileRef = 24E151991AEE79670013FD74 /* SelectFriendsViewController.swift */; };
		24E1F7D91AE68D2000A77A16 /* CE_UITextField.swift in Sources */ = {isa = PBXBuildFile; fileRef = 24E1F7D81AE68D2000A77A16 /* CE_UITextField.swift */; };
		24E28C8A1AEB926200BAD6B3 /* AVFoundation.framework in Frameworks */ = {isa = PBXBuildFile; fileRef = 24E28C891AEB926200BAD6B3 /* AVFoundation.framework */; };
		24E28C911AEB9CF700BAD6B3 /* RSBarcodes.framework in Frameworks */ = {isa = PBXBuildFile; fileRef = 24ADB4451AE7EA27000B4B59 /* RSBarcodes.framework */; };
		24E28C921AEB9CF700BAD6B3 /* RSBarcodes.framework in Embed Frameworks */ = {isa = PBXBuildFile; fileRef = 24ADB4451AE7EA27000B4B59 /* RSBarcodes.framework */; settings = {ATTRIBUTES = (CodeSignOnCopy, RemoveHeadersOnCopy, ); }; };
		24E3E94D1AD266BF00B51FBE /* amrFileCodec.mm in Sources */ = {isa = PBXBuildFile; fileRef = 24E3E9411AD266BE00B51FBE /* amrFileCodec.mm */; settings = {COMPILER_FLAGS = "-w"; }; };
		24E3E94E1AD266BF00B51FBE /* wav.mm in Sources */ = {isa = PBXBuildFile; fileRef = 24E3E9431AD266BF00B51FBE /* wav.mm */; };
		24E3E94F1AD266BF00B51FBE /* libopencore-amrnb.a in Frameworks */ = {isa = PBXBuildFile; fileRef = 24E3E9451AD266BF00B51FBE /* libopencore-amrnb.a */; };
		24E3E9501AD266BF00B51FBE /* libopencore-amrwb.a in Frameworks */ = {isa = PBXBuildFile; fileRef = 24E3E9461AD266BF00B51FBE /* libopencore-amrwb.a */; };
		24E3E9541AD26A2000B51FBE /* VoiceConverter.mm in Sources */ = {isa = PBXBuildFile; fileRef = 24E3E9531AD26A2000B51FBE /* VoiceConverter.mm */; };
		24E3E9561AD26FA200B51FBE /* SendMessageViewController.swift in Sources */ = {isa = PBXBuildFile; fileRef = 24E3E9551AD26FA200B51FBE /* SendMessageViewController.swift */; };
		24E3E95F1AD277C800B51FBE /* ImageCollectionViewCell.swift in Sources */ = {isa = PBXBuildFile; fileRef = 24E3E95D1AD277C800B51FBE /* ImageCollectionViewCell.swift */; };
		24E3E9601AD277C800B51FBE /* ImageCollectionViewCell.xib in Resources */ = {isa = PBXBuildFile; fileRef = 24E3E95E1AD277C800B51FBE /* ImageCollectionViewCell.xib */; };
		24E3E9651AD27CD800B51FBE /* FriendCollectionViewCell.swift in Sources */ = {isa = PBXBuildFile; fileRef = 24E3E9631AD27CD800B51FBE /* FriendCollectionViewCell.swift */; };
		24E3E9661AD27CD800B51FBE /* FriendCollectionViewCell.xib in Resources */ = {isa = PBXBuildFile; fileRef = 24E3E9641AD27CD800B51FBE /* FriendCollectionViewCell.xib */; };
		24E3E9681AD2943F00B51FBE /* WordImageCreateViewController.swift in Sources */ = {isa = PBXBuildFile; fileRef = 24E3E9671AD2943F00B51FBE /* WordImageCreateViewController.swift */; };
		24E3E96A1AD2947000B51FBE /* WordSoundCreateViewController.swift in Sources */ = {isa = PBXBuildFile; fileRef = 24E3E9691AD2947000B51FBE /* WordSoundCreateViewController.swift */; };
		24E649281AE35D0B00B5228A /* BlacklistAddViewController.swift in Sources */ = {isa = PBXBuildFile; fileRef = 24E649271AE35D0B00B5228A /* BlacklistAddViewController.swift */; };
		24E69A5E1AECF0B900419361 /* LoadingCollectionViewCell.xib in Resources */ = {isa = PBXBuildFile; fileRef = 24E69A5C1AECF0B900419361 /* LoadingCollectionViewCell.xib */; };
		24E79A181AE00AB900347C06 /* CE_UIViewController.swift in Sources */ = {isa = PBXBuildFile; fileRef = 24E79A171AE00AB900347C06 /* CE_UIViewController.swift */; };
		24E79A1A1AE00AFA00347C06 /* CE_UINavigationController.swift in Sources */ = {isa = PBXBuildFile; fileRef = 24E79A191AE00AFA00347C06 /* CE_UINavigationController.swift */; };
		24E79A1C1AE00C1900347C06 /* CE_UIImagePickerController.swift in Sources */ = {isa = PBXBuildFile; fileRef = 24E79A1B1AE00C1900347C06 /* CE_UIImagePickerController.swift */; };
		24E806261AE5361C004AD0F5 /* WordTableViewCell.swift in Sources */ = {isa = PBXBuildFile; fileRef = 24E806241AE5361C004AD0F5 /* WordTableViewCell.swift */; };
		24E806271AE5361C004AD0F5 /* WordTableViewCell.xib in Resources */ = {isa = PBXBuildFile; fileRef = 24E806251AE5361C004AD0F5 /* WordTableViewCell.xib */; };
		24E806291AE53AF1004AD0F5 /* DictionaryViewController.swift in Sources */ = {isa = PBXBuildFile; fileRef = 24E806281AE53AF1004AD0F5 /* DictionaryViewController.swift */; };
		24E8062F1AE5588E004AD0F5 /* LoadingTableViewCell.xib in Resources */ = {isa = PBXBuildFile; fileRef = 24E8062D1AE5588E004AD0F5 /* LoadingTableViewCell.xib */; };
		24E8197C1ACD9327007577F6 /* JHProgressHUD.swift in Sources */ = {isa = PBXBuildFile; fileRef = 24E8197B1ACD9327007577F6 /* JHProgressHUD.swift */; };
		24E827A21ADEA40700813C34 /* CE_UITableView.swift in Sources */ = {isa = PBXBuildFile; fileRef = 24E827A11ADEA40700813C34 /* CE_UITableView.swift */; };
		24F3C09D1AC51CBB00E9FF49 /* FriendsViewController.swift in Sources */ = {isa = PBXBuildFile; fileRef = 24F3C09C1AC51CBB00E9FF49 /* FriendsViewController.swift */; };
		24FFD5F31ABEAE2C00F0C147 /* UserInfo.swift in Sources */ = {isa = PBXBuildFile; fileRef = 24FFD5F21ABEAE2C00F0C147 /* UserInfo.swift */; };
		24FFD5F91ABEBD9400F0C147 /* Date.swift in Sources */ = {isa = PBXBuildFile; fileRef = 24FFD5F81ABEBD9400F0C147 /* Date.swift */; };
/* End PBXBuildFile section */

/* Begin PBXContainerItemProxy section */
		244C19F01ABBFFC000813708 /* PBXContainerItemProxy */ = {
			isa = PBXContainerItemProxy;
			containerPortal = 244C19D21ABBFFC000813708 /* Project object */;
			proxyType = 1;
			remoteGlobalIDString = 244C19D91ABBFFC000813708;
			remoteInfo = appWEI;
		};
		24ADB4441AE7EA27000B4B59 /* PBXContainerItemProxy */ = {
			isa = PBXContainerItemProxy;
			containerPortal = 24ADB4401AE7EA27000B4B59 /* RSBarcodes.xcodeproj */;
			proxyType = 2;
			remoteGlobalIDString = D08336371A202E81004EE128;
			remoteInfo = RSBarcodes;
		};
		24ADB44A1AE7EBEC000B4B59 /* PBXContainerItemProxy */ = {
			isa = PBXContainerItemProxy;
			containerPortal = 24ADB4401AE7EA27000B4B59 /* RSBarcodes.xcodeproj */;
			proxyType = 1;
			remoteGlobalIDString = D08336361A202E81004EE128;
			remoteInfo = RSBarcodes;
		};
		24E28C8E1AEB9C7500BAD6B3 /* PBXContainerItemProxy */ = {
			isa = PBXContainerItemProxy;
			containerPortal = 24ADB4401AE7EA27000B4B59 /* RSBarcodes.xcodeproj */;
			proxyType = 1;
			remoteGlobalIDString = D08336361A202E81004EE128;
			remoteInfo = RSBarcodes;
		};
		24E28C931AEB9CF700BAD6B3 /* PBXContainerItemProxy */ = {
			isa = PBXContainerItemProxy;
			containerPortal = 24ADB4401AE7EA27000B4B59 /* RSBarcodes.xcodeproj */;
			proxyType = 1;
			remoteGlobalIDString = D08336361A202E81004EE128;
			remoteInfo = RSBarcodes;
		};
/* End PBXContainerItemProxy section */

/* Begin PBXCopyFilesBuildPhase section */
		24E28C901AEB9C7500BAD6B3 /* Embed Frameworks */ = {
			isa = PBXCopyFilesBuildPhase;
			buildActionMask = 2147483647;
			dstPath = "";
			dstSubfolderSpec = 10;
			files = (
				24E28C921AEB9CF700BAD6B3 /* RSBarcodes.framework in Embed Frameworks */,
			);
			name = "Embed Frameworks";
			runOnlyForDeploymentPostprocessing = 0;
		};
/* End PBXCopyFilesBuildPhase section */

/* Begin PBXFileReference section */
		24019C4C1ABC19A100672673 /* RegisterViewController.swift */ = {isa = PBXFileReference; fileEncoding = 4; lastKnownFileType = sourcecode.swift; path = RegisterViewController.swift; sourceTree = "<group>"; };
		24060F191AE6960300A405BC /* StatisticsViewController.swift */ = {isa = PBXFileReference; fileEncoding = 4; lastKnownFileType = sourcecode.swift; path = StatisticsViewController.swift; sourceTree = "<group>"; };
		24060F1B1AE69EFB00A405BC /* WordViewController.swift */ = {isa = PBXFileReference; fileEncoding = 4; lastKnownFileType = sourcecode.swift; path = WordViewController.swift; sourceTree = "<group>"; };
		240D52901ADEB54900B8E112 /* ImageCache.swift */ = {isa = PBXFileReference; fileEncoding = 4; lastKnownFileType = sourcecode.swift; path = ImageCache.swift; sourceTree = "<group>"; };
		240D52911ADEB54900B8E112 /* ImageDownloader.swift */ = {isa = PBXFileReference; fileEncoding = 4; lastKnownFileType = sourcecode.swift; path = ImageDownloader.swift; sourceTree = "<group>"; };
		240D52941ADEB54900B8E112 /* KingfisherManager.swift */ = {isa = PBXFileReference; fileEncoding = 4; lastKnownFileType = sourcecode.swift; path = KingfisherManager.swift; sourceTree = "<group>"; };
		240D52951ADEB54900B8E112 /* KingfisherOptions.swift */ = {isa = PBXFileReference; fileEncoding = 4; lastKnownFileType = sourcecode.swift; path = KingfisherOptions.swift; sourceTree = "<group>"; };
		240D52961ADEB54900B8E112 /* String+MD5.swift */ = {isa = PBXFileReference; fileEncoding = 4; lastKnownFileType = sourcecode.swift; path = "String+MD5.swift"; sourceTree = "<group>"; };
		240D52971ADEB54900B8E112 /* UIImage+Decode.swift */ = {isa = PBXFileReference; fileEncoding = 4; lastKnownFileType = sourcecode.swift; path = "UIImage+Decode.swift"; sourceTree = "<group>"; };
		240D52981ADEB54900B8E112 /* UIImageView+Kingfisher.swift */ = {isa = PBXFileReference; fileEncoding = 4; lastKnownFileType = sourcecode.swift; path = "UIImageView+Kingfisher.swift"; sourceTree = "<group>"; };
		240D52A21ADEB69E00B8E112 /* UIActionSheet.swift */ = {isa = PBXFileReference; fileEncoding = 4; lastKnownFileType = sourcecode.swift; path = UIActionSheet.swift; sourceTree = "<group>"; };
		240D52A31ADEB69E00B8E112 /* UIAlertView.swift */ = {isa = PBXFileReference; fileEncoding = 4; lastKnownFileType = sourcecode.swift; path = UIAlertView.swift; sourceTree = "<group>"; };
		240D52A41ADEB69E00B8E112 /* UIBarButtonItem.swift */ = {isa = PBXFileReference; fileEncoding = 4; lastKnownFileType = sourcecode.swift; path = UIBarButtonItem.swift; sourceTree = "<group>"; };
		240D52A51ADEB69E00B8E112 /* UIButton.swift */ = {isa = PBXFileReference; fileEncoding = 4; lastKnownFileType = sourcecode.swift; path = UIButton.swift; sourceTree = "<group>"; };
		240D52A61ADEB69E00B8E112 /* UIControl.swift */ = {isa = PBXFileReference; fileEncoding = 4; lastKnownFileType = sourcecode.swift; path = UIControl.swift; sourceTree = "<group>"; };
		240D52A71ADEB69E00B8E112 /* UIDatePicker.swift */ = {isa = PBXFileReference; fileEncoding = 4; lastKnownFileType = sourcecode.swift; path = UIDatePicker.swift; sourceTree = "<group>"; };
		240D52A81ADEB69E00B8E112 /* UIGestureRecognizer.swift */ = {isa = PBXFileReference; fileEncoding = 4; lastKnownFileType = sourcecode.swift; path = UIGestureRecognizer.swift; sourceTree = "<group>"; };
		240D52A91ADEB69E00B8E112 /* UIRefreshControl.swift */ = {isa = PBXFileReference; fileEncoding = 4; lastKnownFileType = sourcecode.swift; path = UIRefreshControl.swift; sourceTree = "<group>"; };
		240D52AA1ADEB69E00B8E112 /* UISegmentedControl.swift */ = {isa = PBXFileReference; fileEncoding = 4; lastKnownFileType = sourcecode.swift; path = UISegmentedControl.swift; sourceTree = "<group>"; };
		240D52AB1ADEB69E00B8E112 /* UISlider.swift */ = {isa = PBXFileReference; fileEncoding = 4; lastKnownFileType = sourcecode.swift; path = UISlider.swift; sourceTree = "<group>"; };
		240D52AC1ADEB69E00B8E112 /* UIStepper.swift */ = {isa = PBXFileReference; fileEncoding = 4; lastKnownFileType = sourcecode.swift; path = UIStepper.swift; sourceTree = "<group>"; };
		240D52AD1ADEB69E00B8E112 /* UISwitch.swift */ = {isa = PBXFileReference; fileEncoding = 4; lastKnownFileType = sourcecode.swift; path = UISwitch.swift; sourceTree = "<group>"; };
		240D52AE1ADEB69E00B8E112 /* UITextField.swift */ = {isa = PBXFileReference; fileEncoding = 4; lastKnownFileType = sourcecode.swift; path = UITextField.swift; sourceTree = "<group>"; };
		2426E8CD1AD96A4E00E47636 /* CE_UICollectionView.swift */ = {isa = PBXFileReference; fileEncoding = 4; lastKnownFileType = sourcecode.swift; path = CE_UICollectionView.swift; sourceTree = "<group>"; };
		2426E8CE1AD96A4E00E47636 /* CE_UIScrollView.swift */ = {isa = PBXFileReference; fileEncoding = 4; lastKnownFileType = sourcecode.swift; path = CE_UIScrollView.swift; sourceTree = "<group>"; };
		242E35B81AC14DA2001EDA0D /* PublicFunc.swift */ = {isa = PBXFileReference; fileEncoding = 4; lastKnownFileType = sourcecode.swift; path = PublicFunc.swift; sourceTree = "<group>"; };
		242E35BA1AC164D1001EDA0D /* UserInfoViewController.swift */ = {isa = PBXFileReference; fileEncoding = 4; lastKnownFileType = sourcecode.swift; path = UserInfoViewController.swift; sourceTree = "<group>"; };
		244C19DA1ABBFFC000813708 /* appWEI.app */ = {isa = PBXFileReference; explicitFileType = wrapper.application; includeInIndex = 0; path = appWEI.app; sourceTree = BUILT_PRODUCTS_DIR; };
		244C19DE1ABBFFC000813708 /* Info.plist */ = {isa = PBXFileReference; lastKnownFileType = text.plist.xml; path = Info.plist; sourceTree = "<group>"; };
		244C19DF1ABBFFC000813708 /* AppDelegate.swift */ = {isa = PBXFileReference; lastKnownFileType = sourcecode.swift; path = AppDelegate.swift; sourceTree = "<group>"; };
		244C19E41ABBFFC000813708 /* Base */ = {isa = PBXFileReference; lastKnownFileType = file.storyboard; name = Base; path = Base.lproj/Main.storyboard; sourceTree = "<group>"; };
		244C19E61ABBFFC000813708 /* Images.xcassets */ = {isa = PBXFileReference; lastKnownFileType = folder.assetcatalog; path = Images.xcassets; sourceTree = "<group>"; };
		244C19E91ABBFFC000813708 /* Base */ = {isa = PBXFileReference; lastKnownFileType = file.xib; name = Base; path = Base.lproj/LaunchScreen.xib; sourceTree = "<group>"; };
		244C19EF1ABBFFC000813708 /* appWEITests.xctest */ = {isa = PBXFileReference; explicitFileType = wrapper.cfbundle; includeInIndex = 0; path = appWEITests.xctest; sourceTree = BUILT_PRODUCTS_DIR; };
		244C19F41ABBFFC000813708 /* Info.plist */ = {isa = PBXFileReference; lastKnownFileType = text.plist.xml; path = Info.plist; sourceTree = "<group>"; };
		244C19F51ABBFFC000813708 /* appWEITests.swift */ = {isa = PBXFileReference; lastKnownFileType = sourcecode.swift; path = appWEITests.swift; sourceTree = "<group>"; };
		244C1A041ABC007800813708 /* AlamofireExt.swift */ = {isa = PBXFileReference; fileEncoding = 4; lastKnownFileType = sourcecode.swift; path = AlamofireExt.swift; sourceTree = "<group>"; };
		244C1A0E1ABC053A00813708 /* Alamofire.swift */ = {isa = PBXFileReference; fileEncoding = 4; lastKnownFileType = sourcecode.swift; path = Alamofire.swift; sourceTree = "<group>"; };
		24668F8E1ABFFE5A00A303FE /* ServerDataModel.swift */ = {isa = PBXFileReference; fileEncoding = 4; lastKnownFileType = sourcecode.swift; path = ServerDataModel.swift; sourceTree = "<group>"; };
		247094C11AC543A500A830F3 /* InviteFriendViewController.swift */ = {isa = PBXFileReference; fileEncoding = 4; lastKnownFileType = sourcecode.swift; path = InviteFriendViewController.swift; sourceTree = "<group>"; };
		247094C31AC546BF00A830F3 /* InviteContactsTableViewController.swift */ = {isa = PBXFileReference; fileEncoding = 4; lastKnownFileType = sourcecode.swift; path = InviteContactsTableViewController.swift; sourceTree = "<group>"; };
		247094C51AC54A9500A830F3 /* AddressBook.framework */ = {isa = PBXFileReference; lastKnownFileType = wrapper.framework; name = AddressBook.framework; path = System/Library/Frameworks/AddressBook.framework; sourceTree = SDKROOT; };
		2486F6B01ABE92BD0007E070 /* SlideshowViewController.swift */ = {isa = PBXFileReference; fileEncoding = 4; lastKnownFileType = sourcecode.swift; path = SlideshowViewController.swift; sourceTree = "<group>"; };
		2486F6B21ABE97E40007E070 /* ServerHelper.swift */ = {isa = PBXFileReference; fileEncoding = 4; lastKnownFileType = sourcecode.swift; path = ServerHelper.swift; sourceTree = "<group>"; };
		2486F6B41ABE99E70007E070 /* Const.swift */ = {isa = PBXFileReference; fileEncoding = 4; lastKnownFileType = sourcecode.swift; path = Const.swift; sourceTree = "<group>"; };
		24AA683E1AC3928700F79324 /* DefulatIconsViewController.swift */ = {isa = PBXFileReference; fileEncoding = 4; lastKnownFileType = sourcecode.swift; path = DefulatIconsViewController.swift; sourceTree = "<group>"; };
		24AA68401AC3D4C400F79324 /* HomeViewController.swift */ = {isa = PBXFileReference; fileEncoding = 4; lastKnownFileType = sourcecode.swift; path = HomeViewController.swift; sourceTree = "<group>"; };
		24ADB4341AE7DF4C000B4B59 /* MessagesViewController.swift */ = {isa = PBXFileReference; fileEncoding = 4; lastKnownFileType = sourcecode.swift; path = MessagesViewController.swift; sourceTree = "<group>"; };
		24ADB4401AE7EA27000B4B59 /* RSBarcodes.xcodeproj */ = {isa = PBXFileReference; lastKnownFileType = "wrapper.pb-project"; name = RSBarcodes.xcodeproj; path = RSBarcodes/RSBarcodes.xcodeproj; sourceTree = "<group>"; };
		24B7808B1AE2522800460DE3 /* ProjectFunc.swift */ = {isa = PBXFileReference; fileEncoding = 4; lastKnownFileType = sourcecode.swift; path = ProjectFunc.swift; sourceTree = "<group>"; };
		24B7808D1AE254FE00460DE3 /* BlacklistViewController.swift */ = {isa = PBXFileReference; fileEncoding = 4; lastKnownFileType = sourcecode.swift; path = BlacklistViewController.swift; sourceTree = "<group>"; };
		24C388441AE38F5600C05A2D /* CE_NotificationCenter.swift */ = {isa = PBXFileReference; fileEncoding = 4; lastKnownFileType = sourcecode.swift; path = CE_NotificationCenter.swift; sourceTree = "<group>"; };
		24DEA24C1AF117B200E0E4AD /* PartnerViewController.swift */ = {isa = PBXFileReference; fileEncoding = 4; lastKnownFileType = sourcecode.swift; path = PartnerViewController.swift; sourceTree = "<group>"; };
		24DEA2501AF132F600E0E4AD /* FacebookConnection.framework */ = {isa = PBXFileReference; lastKnownFileType = wrapper.framework; path = FacebookConnection.framework; sourceTree = "<group>"; };
		24DEA2511AF132F600E0E4AD /* InstagramConnection.framework */ = {isa = PBXFileReference; lastKnownFileType = wrapper.framework; path = InstagramConnection.framework; sourceTree = "<group>"; };
		24DEA2521AF132F600E0E4AD /* WeChatConnection.framework */ = {isa = PBXFileReference; lastKnownFileType = wrapper.framework; path = WeChatConnection.framework; sourceTree = "<group>"; };
		24DEA2541AF132F600E0E4AD /* AGCommon.framework */ = {isa = PBXFileReference; lastKnownFileType = wrapper.framework; path = AGCommon.framework; sourceTree = "<group>"; };
		24DEA2561AF132F600E0E4AD /* en */ = {isa = PBXFileReference; lastKnownFileType = text.plist.strings; name = en; path = en.lproj/ShareSDKLocalizable.strings; sourceTree = "<group>"; };
		24DEA2571AF132F600E0E4AD /* Resource.bundle */ = {isa = PBXFileReference; lastKnownFileType = "wrapper.plug-in"; path = Resource.bundle; sourceTree = "<group>"; };
		24DEA2581AF132F600E0E4AD /* ShareSDKCoreService.framework */ = {isa = PBXFileReference; lastKnownFileType = wrapper.framework; path = ShareSDKCoreService.framework; sourceTree = "<group>"; };
		24DEA2591AF132F600E0E4AD /* zh-Hans */ = {isa = PBXFileReference; lastKnownFileType = text.plist.strings; name = "zh-Hans"; path = "zh-Hans.lproj/ShareSDKLocalizable.strings"; sourceTree = "<group>"; };
		24DEA25C1AF132F600E0E4AD /* libWeChatSDK.a */ = {isa = PBXFileReference; lastKnownFileType = archive.ar; path = libWeChatSDK.a; sourceTree = "<group>"; };
		24DEA25D1AF132F600E0E4AD /* WXApi.h */ = {isa = PBXFileReference; fileEncoding = 4; lastKnownFileType = sourcecode.c.h; path = WXApi.h; sourceTree = "<group>"; };
		24DEA25E1AF132F600E0E4AD /* WXApiObject.h */ = {isa = PBXFileReference; fileEncoding = 4; lastKnownFileType = sourcecode.c.h; path = WXApiObject.h; sourceTree = "<group>"; };
		24DEA25F1AF132F600E0E4AD /* ShareSDK.framework */ = {isa = PBXFileReference; lastKnownFileType = wrapper.framework; path = ShareSDK.framework; sourceTree = "<group>"; };
		24DEA2691AF1334000E0E4AD /* SystemConfiguration.framework */ = {isa = PBXFileReference; lastKnownFileType = wrapper.framework; name = SystemConfiguration.framework; path = System/Library/Frameworks/SystemConfiguration.framework; sourceTree = SDKROOT; };
		24DEA26B1AF1334800E0E4AD /* QuartzCore.framework */ = {isa = PBXFileReference; lastKnownFileType = wrapper.framework; name = QuartzCore.framework; path = System/Library/Frameworks/QuartzCore.framework; sourceTree = SDKROOT; };
		24DEA26D1AF1335000E0E4AD /* CoreTelephony.framework */ = {isa = PBXFileReference; lastKnownFileType = wrapper.framework; name = CoreTelephony.framework; path = System/Library/Frameworks/CoreTelephony.framework; sourceTree = SDKROOT; };
		24DEA26F1AF1335600E0E4AD /* libicucore.dylib */ = {isa = PBXFileReference; lastKnownFileType = "compiled.mach-o.dylib"; name = libicucore.dylib; path = usr/lib/libicucore.dylib; sourceTree = SDKROOT; };
		24DEA2711AF1335E00E0E4AD /* libz.1.2.5.dylib */ = {isa = PBXFileReference; lastKnownFileType = "compiled.mach-o.dylib"; name = libz.1.2.5.dylib; path = usr/lib/libz.1.2.5.dylib; sourceTree = SDKROOT; };
		24DEA2731AF1336400E0E4AD /* Security.framework */ = {isa = PBXFileReference; lastKnownFileType = wrapper.framework; name = Security.framework; path = System/Library/Frameworks/Security.framework; sourceTree = SDKROOT; };
		24E02CEA1ACAD10B00A17D13 /* Array.swift */ = {isa = PBXFileReference; fileEncoding = 4; lastKnownFileType = sourcecode.swift; path = Array.swift; sourceTree = "<group>"; };
		24E02CEB1ACAD10B00A17D13 /* Character.swift */ = {isa = PBXFileReference; fileEncoding = 4; lastKnownFileType = sourcecode.swift; path = Character.swift; sourceTree = "<group>"; };
		24E02CEC1ACAD10B00A17D13 /* Dictionary.swift */ = {isa = PBXFileReference; fileEncoding = 4; lastKnownFileType = sourcecode.swift; path = Dictionary.swift; sourceTree = "<group>"; };
		24E02CED1ACAD10B00A17D13 /* Double.swift */ = {isa = PBXFileReference; fileEncoding = 4; lastKnownFileType = sourcecode.swift; path = Double.swift; sourceTree = "<group>"; };
		24E02CEE1ACAD10B00A17D13 /* ExSwift.h */ = {isa = PBXFileReference; fileEncoding = 4; lastKnownFileType = sourcecode.c.h; path = ExSwift.h; sourceTree = "<group>"; };
		24E02CEF1ACAD10B00A17D13 /* ExSwift.swift */ = {isa = PBXFileReference; fileEncoding = 4; lastKnownFileType = sourcecode.swift; path = ExSwift.swift; sourceTree = "<group>"; };
		24E02CF01ACAD10B00A17D13 /* Float.swift */ = {isa = PBXFileReference; fileEncoding = 4; lastKnownFileType = sourcecode.swift; path = Float.swift; sourceTree = "<group>"; };
		24E02CF11ACAD10B00A17D13 /* Info.plist */ = {isa = PBXFileReference; fileEncoding = 4; lastKnownFileType = text.plist.xml; path = Info.plist; sourceTree = "<group>"; };
		24E02CF21ACAD10B00A17D13 /* Int.swift */ = {isa = PBXFileReference; fileEncoding = 4; lastKnownFileType = sourcecode.swift; path = Int.swift; sourceTree = "<group>"; };
		24E02CF31ACAD10B00A17D13 /* NSArray.swift */ = {isa = PBXFileReference; fileEncoding = 4; lastKnownFileType = sourcecode.swift; path = NSArray.swift; sourceTree = "<group>"; };
		24E02CF41ACAD10B00A17D13 /* NSDate.swift */ = {isa = PBXFileReference; fileEncoding = 4; lastKnownFileType = sourcecode.swift; path = NSDate.swift; sourceTree = "<group>"; };
		24E02CF51ACAD10B00A17D13 /* Range.swift */ = {isa = PBXFileReference; fileEncoding = 4; lastKnownFileType = sourcecode.swift; path = Range.swift; sourceTree = "<group>"; };
		24E02CF61ACAD10B00A17D13 /* Sequence.swift */ = {isa = PBXFileReference; fileEncoding = 4; lastKnownFileType = sourcecode.swift; path = Sequence.swift; sourceTree = "<group>"; };
		24E02CF71ACAD10B00A17D13 /* String.swift */ = {isa = PBXFileReference; fileEncoding = 4; lastKnownFileType = sourcecode.swift; path = String.swift; sourceTree = "<group>"; };
		24E0A3001ABFF0D5002D6E7F /* LaunchScreenViewController.swift */ = {isa = PBXFileReference; fileEncoding = 4; lastKnownFileType = sourcecode.swift; path = LaunchScreenViewController.swift; sourceTree = "<group>"; };
		24E0A3021ABFF337002D6E7F /* AppDelegateExt.swift */ = {isa = PBXFileReference; fileEncoding = 4; lastKnownFileType = sourcecode.swift; path = AppDelegateExt.swift; sourceTree = "<group>"; };
		24E0CCDA1AC4454300CDF40A /* CoreLocation.framework */ = {isa = PBXFileReference; lastKnownFileType = wrapper.framework; name = CoreLocation.framework; path = System/Library/Frameworks/CoreLocation.framework; sourceTree = SDKROOT; };
		24E0EF4F1AF25E9900B44C68 /* PartnerMessagesViewController.swift */ = {isa = PBXFileReference; fileEncoding = 4; lastKnownFileType = sourcecode.swift; path = PartnerMessagesViewController.swift; sourceTree = "<group>"; };
		24E0EF5B1AF2664D00B44C68 /* PartnerMessageTableViewCell.swift */ = {isa = PBXFileReference; fileEncoding = 4; lastKnownFileType = sourcecode.swift; name = PartnerMessageTableViewCell.swift; path = View/PartnerMessageTableViewCell.swift; sourceTree = "<group>"; };
		24E0EF5C1AF2664D00B44C68 /* PartnerMessageTableViewCell.xib */ = {isa = PBXFileReference; fileEncoding = 4; lastKnownFileType = file.xib; name = PartnerMessageTableViewCell.xib; path = View/PartnerMessageTableViewCell.xib; sourceTree = "<group>"; };
		24E151991AEE79670013FD74 /* SelectFriendsViewController.swift */ = {isa = PBXFileReference; fileEncoding = 4; lastKnownFileType = sourcecode.swift; path = SelectFriendsViewController.swift; sourceTree = "<group>"; };
		24E1F7D81AE68D2000A77A16 /* CE_UITextField.swift */ = {isa = PBXFileReference; fileEncoding = 4; lastKnownFileType = sourcecode.swift; path = CE_UITextField.swift; sourceTree = "<group>"; };
		24E28C891AEB926200BAD6B3 /* AVFoundation.framework */ = {isa = PBXFileReference; lastKnownFileType = wrapper.framework; name = AVFoundation.framework; path = System/Library/Frameworks/AVFoundation.framework; sourceTree = SDKROOT; };
		24E3E9401AD266BE00B51FBE /* amrFileCodec.h */ = {isa = PBXFileReference; fileEncoding = 4; lastKnownFileType = sourcecode.c.h; path = amrFileCodec.h; sourceTree = "<group>"; };
		24E3E9411AD266BE00B51FBE /* amrFileCodec.mm */ = {isa = PBXFileReference; fileEncoding = 4; lastKnownFileType = sourcecode.cpp.objcpp; path = amrFileCodec.mm; sourceTree = "<group>"; };
		24E3E9421AD266BF00B51FBE /* wav.h */ = {isa = PBXFileReference; fileEncoding = 4; lastKnownFileType = sourcecode.c.h; path = wav.h; sourceTree = "<group>"; };
		24E3E9431AD266BF00B51FBE /* wav.mm */ = {isa = PBXFileReference; fileEncoding = 4; lastKnownFileType = sourcecode.cpp.objcpp; path = wav.mm; sourceTree = "<group>"; };
		24E3E9451AD266BF00B51FBE /* libopencore-amrnb.a */ = {isa = PBXFileReference; lastKnownFileType = archive.ar; path = "libopencore-amrnb.a"; sourceTree = "<group>"; };
		24E3E9461AD266BF00B51FBE /* libopencore-amrwb.a */ = {isa = PBXFileReference; lastKnownFileType = archive.ar; path = "libopencore-amrwb.a"; sourceTree = "<group>"; };
		24E3E9481AD266BF00B51FBE /* interf_dec.h */ = {isa = PBXFileReference; fileEncoding = 4; lastKnownFileType = sourcecode.c.h; path = interf_dec.h; sourceTree = "<group>"; };
		24E3E9491AD266BF00B51FBE /* interf_enc.h */ = {isa = PBXFileReference; fileEncoding = 4; lastKnownFileType = sourcecode.c.h; path = interf_enc.h; sourceTree = "<group>"; };
		24E3E94B1AD266BF00B51FBE /* dec_if.h */ = {isa = PBXFileReference; fileEncoding = 4; lastKnownFileType = sourcecode.c.h; path = dec_if.h; sourceTree = "<group>"; };
		24E3E94C1AD266BF00B51FBE /* if_rom.h */ = {isa = PBXFileReference; fileEncoding = 4; lastKnownFileType = sourcecode.c.h; path = if_rom.h; sourceTree = "<group>"; };
		24E3E9511AD2683B00B51FBE /* appWEI-Bridging-Header.h */ = {isa = PBXFileReference; lastKnownFileType = sourcecode.c.h; path = "appWEI-Bridging-Header.h"; sourceTree = "<group>"; };
		24E3E9521AD26A2000B51FBE /* VoiceConverter.h */ = {isa = PBXFileReference; fileEncoding = 4; lastKnownFileType = sourcecode.c.h; path = VoiceConverter.h; sourceTree = "<group>"; };
		24E3E9531AD26A2000B51FBE /* VoiceConverter.mm */ = {isa = PBXFileReference; fileEncoding = 4; lastKnownFileType = sourcecode.cpp.objcpp; path = VoiceConverter.mm; sourceTree = "<group>"; };
		24E3E9551AD26FA200B51FBE /* SendMessageViewController.swift */ = {isa = PBXFileReference; fileEncoding = 4; lastKnownFileType = sourcecode.swift; path = SendMessageViewController.swift; sourceTree = "<group>"; };
		24E3E95D1AD277C800B51FBE /* ImageCollectionViewCell.swift */ = {isa = PBXFileReference; fileEncoding = 4; lastKnownFileType = sourcecode.swift; name = ImageCollectionViewCell.swift; path = View/ImageCollectionViewCell.swift; sourceTree = "<group>"; };
		24E3E95E1AD277C800B51FBE /* ImageCollectionViewCell.xib */ = {isa = PBXFileReference; fileEncoding = 4; lastKnownFileType = file.xib; name = ImageCollectionViewCell.xib; path = View/ImageCollectionViewCell.xib; sourceTree = "<group>"; };
		24E3E9631AD27CD800B51FBE /* FriendCollectionViewCell.swift */ = {isa = PBXFileReference; fileEncoding = 4; lastKnownFileType = sourcecode.swift; name = FriendCollectionViewCell.swift; path = View/FriendCollectionViewCell.swift; sourceTree = "<group>"; };
		24E3E9641AD27CD800B51FBE /* FriendCollectionViewCell.xib */ = {isa = PBXFileReference; fileEncoding = 4; lastKnownFileType = file.xib; name = FriendCollectionViewCell.xib; path = View/FriendCollectionViewCell.xib; sourceTree = "<group>"; };
		24E3E9671AD2943F00B51FBE /* WordImageCreateViewController.swift */ = {isa = PBXFileReference; fileEncoding = 4; lastKnownFileType = sourcecode.swift; path = WordImageCreateViewController.swift; sourceTree = "<group>"; };
		24E3E9691AD2947000B51FBE /* WordSoundCreateViewController.swift */ = {isa = PBXFileReference; fileEncoding = 4; lastKnownFileType = sourcecode.swift; path = WordSoundCreateViewController.swift; sourceTree = "<group>"; };
		24E649271AE35D0B00B5228A /* BlacklistAddViewController.swift */ = {isa = PBXFileReference; fileEncoding = 4; lastKnownFileType = sourcecode.swift; path = BlacklistAddViewController.swift; sourceTree = "<group>"; };
		24E69A5C1AECF0B900419361 /* LoadingCollectionViewCell.xib */ = {isa = PBXFileReference; fileEncoding = 4; lastKnownFileType = file.xib; name = LoadingCollectionViewCell.xib; path = View/LoadingCollectionViewCell.xib; sourceTree = "<group>"; };
		24E79A171AE00AB900347C06 /* CE_UIViewController.swift */ = {isa = PBXFileReference; fileEncoding = 4; lastKnownFileType = sourcecode.swift; path = CE_UIViewController.swift; sourceTree = "<group>"; };
		24E79A191AE00AFA00347C06 /* CE_UINavigationController.swift */ = {isa = PBXFileReference; fileEncoding = 4; lastKnownFileType = sourcecode.swift; path = CE_UINavigationController.swift; sourceTree = "<group>"; };
		24E79A1B1AE00C1900347C06 /* CE_UIImagePickerController.swift */ = {isa = PBXFileReference; fileEncoding = 4; lastKnownFileType = sourcecode.swift; path = CE_UIImagePickerController.swift; sourceTree = "<group>"; };
		24E806241AE5361C004AD0F5 /* WordTableViewCell.swift */ = {isa = PBXFileReference; fileEncoding = 4; lastKnownFileType = sourcecode.swift; name = WordTableViewCell.swift; path = View/WordTableViewCell.swift; sourceTree = "<group>"; };
		24E806251AE5361C004AD0F5 /* WordTableViewCell.xib */ = {isa = PBXFileReference; fileEncoding = 4; lastKnownFileType = file.xib; name = WordTableViewCell.xib; path = View/WordTableViewCell.xib; sourceTree = "<group>"; };
		24E806281AE53AF1004AD0F5 /* DictionaryViewController.swift */ = {isa = PBXFileReference; fileEncoding = 4; lastKnownFileType = sourcecode.swift; path = DictionaryViewController.swift; sourceTree = "<group>"; };
		24E8062D1AE5588E004AD0F5 /* LoadingTableViewCell.xib */ = {isa = PBXFileReference; fileEncoding = 4; lastKnownFileType = file.xib; name = LoadingTableViewCell.xib; path = View/LoadingTableViewCell.xib; sourceTree = "<group>"; };
		24E8197B1ACD9327007577F6 /* JHProgressHUD.swift */ = {isa = PBXFileReference; fileEncoding = 4; lastKnownFileType = sourcecode.swift; path = JHProgressHUD.swift; sourceTree = "<group>"; };
		24E827A11ADEA40700813C34 /* CE_UITableView.swift */ = {isa = PBXFileReference; fileEncoding = 4; lastKnownFileType = sourcecode.swift; path = CE_UITableView.swift; sourceTree = "<group>"; };
		24F3C09C1AC51CBB00E9FF49 /* FriendsViewController.swift */ = {isa = PBXFileReference; fileEncoding = 4; lastKnownFileType = sourcecode.swift; path = FriendsViewController.swift; sourceTree = "<group>"; };
		24FFD5F21ABEAE2C00F0C147 /* UserInfo.swift */ = {isa = PBXFileReference; fileEncoding = 4; lastKnownFileType = sourcecode.swift; path = UserInfo.swift; sourceTree = "<group>"; };
		24FFD5F81ABEBD9400F0C147 /* Date.swift */ = {isa = PBXFileReference; fileEncoding = 4; lastKnownFileType = sourcecode.swift; path = Date.swift; sourceTree = "<group>"; };
/* End PBXFileReference section */

/* Begin PBXFrameworksBuildPhase section */
		244C19D71ABBFFC000813708 /* Frameworks */ = {
			isa = PBXFrameworksBuildPhase;
			buildActionMask = 2147483647;
			files = (
				24DEA2741AF1336400E0E4AD /* Security.framework in Frameworks */,
				24DEA2721AF1335E00E0E4AD /* libz.1.2.5.dylib in Frameworks */,
				24DEA2701AF1335600E0E4AD /* libicucore.dylib in Frameworks */,
				24DEA26E1AF1335000E0E4AD /* CoreTelephony.framework in Frameworks */,
				24DEA26C1AF1334800E0E4AD /* QuartzCore.framework in Frameworks */,
				24DEA26A1AF1334000E0E4AD /* SystemConfiguration.framework in Frameworks */,
				24E28C8A1AEB926200BAD6B3 /* AVFoundation.framework in Frameworks */,
				24DEA2631AF132F600E0E4AD /* AGCommon.framework in Frameworks */,
				24DEA2671AF132F600E0E4AD /* libWeChatSDK.a in Frameworks */,
				247094C61AC54A9500A830F3 /* AddressBook.framework in Frameworks */,
				24E28C911AEB9CF700BAD6B3 /* RSBarcodes.framework in Frameworks */,
				24DEA2661AF132F600E0E4AD /* ShareSDKCoreService.framework in Frameworks */,
				24DEA2681AF132F600E0E4AD /* ShareSDK.framework in Frameworks */,
				24E3E94F1AD266BF00B51FBE /* libopencore-amrnb.a in Frameworks */,
				24E3E9501AD266BF00B51FBE /* libopencore-amrwb.a in Frameworks */,
				24DEA2601AF132F600E0E4AD /* FacebookConnection.framework in Frameworks */,
				24E0CCDB1AC4454300CDF40A /* CoreLocation.framework in Frameworks */,
				24DEA2611AF132F600E0E4AD /* InstagramConnection.framework in Frameworks */,
				24DEA2621AF132F600E0E4AD /* WeChatConnection.framework in Frameworks */,
			);
			runOnlyForDeploymentPostprocessing = 0;
		};
		244C19EC1ABBFFC000813708 /* Frameworks */ = {
			isa = PBXFrameworksBuildPhase;
			buildActionMask = 2147483647;
			files = (
			);
			runOnlyForDeploymentPostprocessing = 0;
		};
/* End PBXFrameworksBuildPhase section */

/* Begin PBXGroup section */
		240D528F1ADEB54900B8E112 /* Kingfisher */ = {
			isa = PBXGroup;
			children = (
				240D52901ADEB54900B8E112 /* ImageCache.swift */,
				240D52911ADEB54900B8E112 /* ImageDownloader.swift */,
				240D52941ADEB54900B8E112 /* KingfisherManager.swift */,
				240D52951ADEB54900B8E112 /* KingfisherOptions.swift */,
				240D52961ADEB54900B8E112 /* String+MD5.swift */,
				240D52971ADEB54900B8E112 /* UIImage+Decode.swift */,
				240D52981ADEB54900B8E112 /* UIImageView+Kingfisher.swift */,
			);
			path = Kingfisher;
			sourceTree = "<group>";
		};
		240D52A11ADEB69E00B8E112 /* Scream */ = {
			isa = PBXGroup;
			children = (
				240D52A21ADEB69E00B8E112 /* UIActionSheet.swift */,
				240D52A31ADEB69E00B8E112 /* UIAlertView.swift */,
				240D52A41ADEB69E00B8E112 /* UIBarButtonItem.swift */,
				240D52A51ADEB69E00B8E112 /* UIButton.swift */,
				240D52A61ADEB69E00B8E112 /* UIControl.swift */,
				240D52A71ADEB69E00B8E112 /* UIDatePicker.swift */,
				240D52A81ADEB69E00B8E112 /* UIGestureRecognizer.swift */,
				240D52A91ADEB69E00B8E112 /* UIRefreshControl.swift */,
				240D52AA1ADEB69E00B8E112 /* UISegmentedControl.swift */,
				240D52AB1ADEB69E00B8E112 /* UISlider.swift */,
				240D52AC1ADEB69E00B8E112 /* UIStepper.swift */,
				240D52AD1ADEB69E00B8E112 /* UISwitch.swift */,
				240D52AE1ADEB69E00B8E112 /* UITextField.swift */,
			);
			path = Scream;
			sourceTree = "<group>";
		};
		244C19D11ABBFFC000813708 = {
			isa = PBXGroup;
			children = (
				24DEA2731AF1336400E0E4AD /* Security.framework */,
				24DEA2711AF1335E00E0E4AD /* libz.1.2.5.dylib */,
				24DEA26F1AF1335600E0E4AD /* libicucore.dylib */,
				24DEA26D1AF1335000E0E4AD /* CoreTelephony.framework */,
				24DEA26B1AF1334800E0E4AD /* QuartzCore.framework */,
				24DEA2691AF1334000E0E4AD /* SystemConfiguration.framework */,
				24E28C891AEB926200BAD6B3 /* AVFoundation.framework */,
				247094C51AC54A9500A830F3 /* AddressBook.framework */,
				24E0CCDA1AC4454300CDF40A /* CoreLocation.framework */,
				244C19DC1ABBFFC000813708 /* appWEI */,
				244C19F21ABBFFC000813708 /* appWEITests */,
				244C19DB1ABBFFC000813708 /* Products */,
			);
			sourceTree = "<group>";
		};
		244C19DB1ABBFFC000813708 /* Products */ = {
			isa = PBXGroup;
			children = (
				244C19DA1ABBFFC000813708 /* appWEI.app */,
				244C19EF1ABBFFC000813708 /* appWEITests.xctest */,
			);
			name = Products;
			sourceTree = "<group>";
		};
		244C19DC1ABBFFC000813708 /* appWEI */ = {
			isa = PBXGroup;
			children = (
				244C1A011ABC006100813708 /* Main */,
				244C1A071ABC007800813708 /* Sections */,
				244C1A021ABC007800813708 /* General */,
				244C1A051ABC007800813708 /* Helper */,
				244C1A061ABC007800813708 /* Model */,
				244C1A091ABC007800813708 /* Vendor */,
				244C19DD1ABBFFC000813708 /* Supporting Files */,
			);
			path = appWEI;
			sourceTree = "<group>";
		};
		244C19DD1ABBFFC000813708 /* Supporting Files */ = {
			isa = PBXGroup;
			children = (
				244C19DE1ABBFFC000813708 /* Info.plist */,
				24E3E9511AD2683B00B51FBE /* appWEI-Bridging-Header.h */,
			);
			name = "Supporting Files";
			sourceTree = "<group>";
		};
		244C19F21ABBFFC000813708 /* appWEITests */ = {
			isa = PBXGroup;
			children = (
				244C19F51ABBFFC000813708 /* appWEITests.swift */,
				244C19F31ABBFFC000813708 /* Supporting Files */,
			);
			path = appWEITests;
			sourceTree = "<group>";
		};
		244C19F31ABBFFC000813708 /* Supporting Files */ = {
			isa = PBXGroup;
			children = (
				244C19F41ABBFFC000813708 /* Info.plist */,
			);
			name = "Supporting Files";
			sourceTree = "<group>";
		};
		244C1A011ABC006100813708 /* Main */ = {
			isa = PBXGroup;
			children = (
				244C19DF1ABBFFC000813708 /* AppDelegate.swift */,
				244C19E31ABBFFC000813708 /* Main.storyboard */,
				244C19E61ABBFFC000813708 /* Images.xcassets */,
				244C19E81ABBFFC000813708 /* LaunchScreen.xib */,
			);
			name = Main;
			sourceTree = "<group>";
		};
		244C1A021ABC007800813708 /* General */ = {
			isa = PBXGroup;
			children = (
				24F3C09E1AC5237800E9FF49 /* View */,
				244C1A031ABC007800813708 /* Class */,
				2486F6B41ABE99E70007E070 /* Const.swift */,
				242E35B81AC14DA2001EDA0D /* PublicFunc.swift */,
				24B7808B1AE2522800460DE3 /* ProjectFunc.swift */,
			);
			path = General;
			sourceTree = "<group>";
		};
		244C1A031ABC007800813708 /* Class */ = {
			isa = PBXGroup;
			children = (
				24E0A3021ABFF337002D6E7F /* AppDelegateExt.swift */,
				244C1A041ABC007800813708 /* AlamofireExt.swift */,
				24FFD5F21ABEAE2C00F0C147 /* UserInfo.swift */,
			);
			path = Class;
			sourceTree = "<group>";
		};
		244C1A051ABC007800813708 /* Helper */ = {
			isa = PBXGroup;
			children = (
				2486F6B21ABE97E40007E070 /* ServerHelper.swift */,
			);
			path = Helper;
			sourceTree = "<group>";
		};
		244C1A061ABC007800813708 /* Model */ = {
			isa = PBXGroup;
			children = (
				24668F8E1ABFFE5A00A303FE /* ServerDataModel.swift */,
			);
			path = Model;
			sourceTree = "<group>";
		};
		244C1A071ABC007800813708 /* Sections */ = {
			isa = PBXGroup;
			children = (
				24E0A3001ABFF0D5002D6E7F /* LaunchScreenViewController.swift */,
				24019C4C1ABC19A100672673 /* RegisterViewController.swift */,
				242E35BA1AC164D1001EDA0D /* UserInfoViewController.swift */,
				24AA683E1AC3928700F79324 /* DefulatIconsViewController.swift */,
				2486F6B01ABE92BD0007E070 /* SlideshowViewController.swift */,
				24AA68401AC3D4C400F79324 /* HomeViewController.swift */,
				24F3C09C1AC51CBB00E9FF49 /* FriendsViewController.swift */,
				247094C11AC543A500A830F3 /* InviteFriendViewController.swift */,
				247094C31AC546BF00A830F3 /* InviteContactsTableViewController.swift */,
				24E3E9551AD26FA200B51FBE /* SendMessageViewController.swift */,
				24E151991AEE79670013FD74 /* SelectFriendsViewController.swift */,
				24E3E9671AD2943F00B51FBE /* WordImageCreateViewController.swift */,
				24E3E9691AD2947000B51FBE /* WordSoundCreateViewController.swift */,
				24B7808D1AE254FE00460DE3 /* BlacklistViewController.swift */,
				24E649271AE35D0B00B5228A /* BlacklistAddViewController.swift */,
				24E806281AE53AF1004AD0F5 /* DictionaryViewController.swift */,
				24060F191AE6960300A405BC /* StatisticsViewController.swift */,
				24060F1B1AE69EFB00A405BC /* WordViewController.swift */,
				24ADB4341AE7DF4C000B4B59 /* MessagesViewController.swift */,
				24DEA24C1AF117B200E0E4AD /* PartnerViewController.swift */,
				24E0EF4F1AF25E9900B44C68 /* PartnerMessagesViewController.swift */,
			);
			path = Sections;
			sourceTree = "<group>";
		};
		244C1A091ABC007800813708 /* Vendor */ = {
			isa = PBXGroup;
			children = (
				24AFA40A1AD8F87000402DFE /* ClosuresExtension */,
				24E02CE91ACAD10B00A17D13 /* ExSwift */,
				24E3E93E1AD266BE00B51FBE /* arm */,
				240D528F1ADEB54900B8E112 /* Kingfisher */,
				240D52A11ADEB69E00B8E112 /* Scream */,
				24DEA24E1AF132F600E0E4AD /* ShareSDK */,
				244C1A0E1ABC053A00813708 /* Alamofire.swift */,
				24FFD5F81ABEBD9400F0C147 /* Date.swift */,
				24E8197B1ACD9327007577F6 /* JHProgressHUD.swift */,
				24ADB4401AE7EA27000B4B59 /* RSBarcodes.xcodeproj */,
			);
			path = Vendor;
			sourceTree = "<group>";
		};
		24ADB4411AE7EA27000B4B59 /* Products */ = {
			isa = PBXGroup;
			children = (
				24ADB4451AE7EA27000B4B59 /* RSBarcodes.framework */,
			);
			name = Products;
			sourceTree = "<group>";
		};
		24AFA40A1AD8F87000402DFE /* ClosuresExtension */ = {
			isa = PBXGroup;
			children = (
				2426E8CE1AD96A4E00E47636 /* CE_UIScrollView.swift */,
				2426E8CD1AD96A4E00E47636 /* CE_UICollectionView.swift */,
				24E827A11ADEA40700813C34 /* CE_UITableView.swift */,
				24E79A171AE00AB900347C06 /* CE_UIViewController.swift */,
				24E79A191AE00AFA00347C06 /* CE_UINavigationController.swift */,
				24E79A1B1AE00C1900347C06 /* CE_UIImagePickerController.swift */,
				24C388441AE38F5600C05A2D /* CE_NotificationCenter.swift */,
				24E1F7D81AE68D2000A77A16 /* CE_UITextField.swift */,
			);
			path = ClosuresExtension;
			sourceTree = "<group>";
		};
		24DEA24E1AF132F600E0E4AD /* ShareSDK */ = {
			isa = PBXGroup;
			children = (
				24DEA24F1AF132F600E0E4AD /* Connection */,
				24DEA2531AF132F600E0E4AD /* Core */,
				24DEA25A1AF132F600E0E4AD /* Extend */,
				24DEA25F1AF132F600E0E4AD /* ShareSDK.framework */,
			);
			path = ShareSDK;
			sourceTree = "<group>";
		};
		24DEA24F1AF132F600E0E4AD /* Connection */ = {
			isa = PBXGroup;
			children = (
				24DEA2501AF132F600E0E4AD /* FacebookConnection.framework */,
				24DEA2511AF132F600E0E4AD /* InstagramConnection.framework */,
				24DEA2521AF132F600E0E4AD /* WeChatConnection.framework */,
			);
			path = Connection;
			sourceTree = "<group>";
		};
		24DEA2531AF132F600E0E4AD /* Core */ = {
			isa = PBXGroup;
			children = (
				24DEA2541AF132F600E0E4AD /* AGCommon.framework */,
				24DEA2551AF132F600E0E4AD /* ShareSDKLocalizable.strings */,
				24DEA2571AF132F600E0E4AD /* Resource.bundle */,
				24DEA2581AF132F600E0E4AD /* ShareSDKCoreService.framework */,
			);
			path = Core;
			sourceTree = "<group>";
		};
		24DEA25A1AF132F600E0E4AD /* Extend */ = {
			isa = PBXGroup;
			children = (
				24DEA25B1AF132F600E0E4AD /* WeChatSDK */,
			);
			path = Extend;
			sourceTree = "<group>";
		};
		24DEA25B1AF132F600E0E4AD /* WeChatSDK */ = {
			isa = PBXGroup;
			children = (
				24DEA25C1AF132F600E0E4AD /* libWeChatSDK.a */,
				24DEA25D1AF132F600E0E4AD /* WXApi.h */,
				24DEA25E1AF132F600E0E4AD /* WXApiObject.h */,
			);
			path = WeChatSDK;
			sourceTree = "<group>";
		};
		24E02CE91ACAD10B00A17D13 /* ExSwift */ = {
			isa = PBXGroup;
			children = (
				24E02CEA1ACAD10B00A17D13 /* Array.swift */,
				24E02CEB1ACAD10B00A17D13 /* Character.swift */,
				24E02CEC1ACAD10B00A17D13 /* Dictionary.swift */,
				24E02CED1ACAD10B00A17D13 /* Double.swift */,
				24E02CEE1ACAD10B00A17D13 /* ExSwift.h */,
				24E02CEF1ACAD10B00A17D13 /* ExSwift.swift */,
				24E02CF01ACAD10B00A17D13 /* Float.swift */,
				24E02CF11ACAD10B00A17D13 /* Info.plist */,
				24E02CF21ACAD10B00A17D13 /* Int.swift */,
				24E02CF31ACAD10B00A17D13 /* NSArray.swift */,
				24E02CF41ACAD10B00A17D13 /* NSDate.swift */,
				24E02CF51ACAD10B00A17D13 /* Range.swift */,
				24E02CF61ACAD10B00A17D13 /* Sequence.swift */,
				24E02CF71ACAD10B00A17D13 /* String.swift */,
			);
			path = ExSwift;
			sourceTree = "<group>";
		};
		24E3E93E1AD266BE00B51FBE /* arm */ = {
			isa = PBXGroup;
			children = (
				24E3E93F1AD266BE00B51FBE /* amrwapper */,
				24E3E9441AD266BF00B51FBE /* lib */,
				24E3E9471AD266BF00B51FBE /* opencore-amrnb */,
				24E3E94A1AD266BF00B51FBE /* opencore-amrwb */,
				24E3E9521AD26A2000B51FBE /* VoiceConverter.h */,
				24E3E9531AD26A2000B51FBE /* VoiceConverter.mm */,
			);
			path = arm;
			sourceTree = "<group>";
		};
		24E3E93F1AD266BE00B51FBE /* amrwapper */ = {
			isa = PBXGroup;
			children = (
				24E3E9401AD266BE00B51FBE /* amrFileCodec.h */,
				24E3E9411AD266BE00B51FBE /* amrFileCodec.mm */,
				24E3E9421AD266BF00B51FBE /* wav.h */,
				24E3E9431AD266BF00B51FBE /* wav.mm */,
			);
			path = amrwapper;
			sourceTree = "<group>";
		};
		24E3E9441AD266BF00B51FBE /* lib */ = {
			isa = PBXGroup;
			children = (
				24E3E9451AD266BF00B51FBE /* libopencore-amrnb.a */,
				24E3E9461AD266BF00B51FBE /* libopencore-amrwb.a */,
			);
			path = lib;
			sourceTree = "<group>";
		};
		24E3E9471AD266BF00B51FBE /* opencore-amrnb */ = {
			isa = PBXGroup;
			children = (
				24E3E9481AD266BF00B51FBE /* interf_dec.h */,
				24E3E9491AD266BF00B51FBE /* interf_enc.h */,
			);
			path = "opencore-amrnb";
			sourceTree = "<group>";
		};
		24E3E94A1AD266BF00B51FBE /* opencore-amrwb */ = {
			isa = PBXGroup;
			children = (
				24E3E94B1AD266BF00B51FBE /* dec_if.h */,
				24E3E94C1AD266BF00B51FBE /* if_rom.h */,
			);
			path = "opencore-amrwb";
			sourceTree = "<group>";
		};
		24F3C09E1AC5237800E9FF49 /* View */ = {
			isa = PBXGroup;
			children = (
				24E8062D1AE5588E004AD0F5 /* LoadingTableViewCell.xib */,
				24E69A5C1AECF0B900419361 /* LoadingCollectionViewCell.xib */,
				24E3E95D1AD277C800B51FBE /* ImageCollectionViewCell.swift */,
				24E3E95E1AD277C800B51FBE /* ImageCollectionViewCell.xib */,
				24E3E9631AD27CD800B51FBE /* FriendCollectionViewCell.swift */,
				24E3E9641AD27CD800B51FBE /* FriendCollectionViewCell.xib */,
				24E806241AE5361C004AD0F5 /* WordTableViewCell.swift */,
				24E806251AE5361C004AD0F5 /* WordTableViewCell.xib */,
				24E0EF5B1AF2664D00B44C68 /* PartnerMessageTableViewCell.swift */,
				24E0EF5C1AF2664D00B44C68 /* PartnerMessageTableViewCell.xib */,
			);
			name = View;
			sourceTree = "<group>";
		};
/* End PBXGroup section */

/* Begin PBXNativeTarget section */
		244C19D91ABBFFC000813708 /* appWEI */ = {
			isa = PBXNativeTarget;
			buildConfigurationList = 244C19F91ABBFFC000813708 /* Build configuration list for PBXNativeTarget "appWEI" */;
			buildPhases = (
				244C19D61ABBFFC000813708 /* Sources */,
				244C19D71ABBFFC000813708 /* Frameworks */,
				244C19D81ABBFFC000813708 /* Resources */,
				24E28C901AEB9C7500BAD6B3 /* Embed Frameworks */,
			);
			buildRules = (
			);
			dependencies = (
				24ADB44B1AE7EBEC000B4B59 /* PBXTargetDependency */,
				24E28C8F1AEB9C7500BAD6B3 /* PBXTargetDependency */,
				24E28C941AEB9CF700BAD6B3 /* PBXTargetDependency */,
			);
			name = appWEI;
			productName = appWEI;
			productReference = 244C19DA1ABBFFC000813708 /* appWEI.app */;
			productType = "com.apple.product-type.application";
		};
		244C19EE1ABBFFC000813708 /* appWEITests */ = {
			isa = PBXNativeTarget;
			buildConfigurationList = 244C19FC1ABBFFC000813708 /* Build configuration list for PBXNativeTarget "appWEITests" */;
			buildPhases = (
				244C19EB1ABBFFC000813708 /* Sources */,
				244C19EC1ABBFFC000813708 /* Frameworks */,
				244C19ED1ABBFFC000813708 /* Resources */,
			);
			buildRules = (
			);
			dependencies = (
				244C19F11ABBFFC000813708 /* PBXTargetDependency */,
			);
			name = appWEITests;
			productName = appWEITests;
			productReference = 244C19EF1ABBFFC000813708 /* appWEITests.xctest */;
			productType = "com.apple.product-type.bundle.unit-test";
		};
/* End PBXNativeTarget section */

/* Begin PBXProject section */
		244C19D21ABBFFC000813708 /* Project object */ = {
			isa = PBXProject;
			attributes = {
				LastUpgradeCheck = 0610;
				ORGANIZATIONNAME = kelei;
				TargetAttributes = {
					244C19D91ABBFFC000813708 = {
						CreatedOnToolsVersion = 6.1;
						DevelopmentTeam = L2T5526FH6;
						SystemCapabilities = {
							com.apple.BackgroundModes = {
								enabled = 1;
							};
						};
					};
					244C19EE1ABBFFC000813708 = {
						CreatedOnToolsVersion = 6.1;
						TestTargetID = 244C19D91ABBFFC000813708;
					};
				};
			};
			buildConfigurationList = 244C19D51ABBFFC000813708 /* Build configuration list for PBXProject "appWEI" */;
			compatibilityVersion = "Xcode 3.2";
			developmentRegion = English;
			hasScannedForEncodings = 0;
			knownRegions = (
				en,
				Base,
				"zh-Hans",
			);
			mainGroup = 244C19D11ABBFFC000813708;
			productRefGroup = 244C19DB1ABBFFC000813708 /* Products */;
			projectDirPath = "";
			projectReferences = (
				{
					ProductGroup = 24ADB4411AE7EA27000B4B59 /* Products */;
					ProjectRef = 24ADB4401AE7EA27000B4B59 /* RSBarcodes.xcodeproj */;
				},
			);
			projectRoot = "";
			targets = (
				244C19D91ABBFFC000813708 /* appWEI */,
				244C19EE1ABBFFC000813708 /* appWEITests */,
			);
		};
/* End PBXProject section */

/* Begin PBXReferenceProxy section */
		24ADB4451AE7EA27000B4B59 /* RSBarcodes.framework */ = {
			isa = PBXReferenceProxy;
			fileType = wrapper.framework;
			path = RSBarcodes.framework;
			remoteRef = 24ADB4441AE7EA27000B4B59 /* PBXContainerItemProxy */;
			sourceTree = BUILT_PRODUCTS_DIR;
		};
/* End PBXReferenceProxy section */

/* Begin PBXResourcesBuildPhase section */
		244C19D81ABBFFC000813708 /* Resources */ = {
			isa = PBXResourcesBuildPhase;
			buildActionMask = 2147483647;
			files = (
				24E69A5E1AECF0B900419361 /* LoadingCollectionViewCell.xib in Resources */,
				24DEA2651AF132F600E0E4AD /* Resource.bundle in Resources */,
				24E02CFE1ACAD10B00A17D13 /* Info.plist in Resources */,
				24DEA2641AF132F600E0E4AD /* ShareSDKLocalizable.strings in Resources */,
				24E0EF5E1AF2664D00B44C68 /* PartnerMessageTableViewCell.xib in Resources */,
				244C19E51ABBFFC000813708 /* Main.storyboard in Resources */,
				24E8062F1AE5588E004AD0F5 /* LoadingTableViewCell.xib in Resources */,
				24E3E9661AD27CD800B51FBE /* FriendCollectionViewCell.xib in Resources */,
				244C19EA1ABBFFC000813708 /* LaunchScreen.xib in Resources */,
				24E806271AE5361C004AD0F5 /* WordTableViewCell.xib in Resources */,
				244C19E71ABBFFC000813708 /* Images.xcassets in Resources */,
				24E3E9601AD277C800B51FBE /* ImageCollectionViewCell.xib in Resources */,
			);
			runOnlyForDeploymentPostprocessing = 0;
		};
		244C19ED1ABBFFC000813708 /* Resources */ = {
			isa = PBXResourcesBuildPhase;
			buildActionMask = 2147483647;
			files = (
			);
			runOnlyForDeploymentPostprocessing = 0;
		};
/* End PBXResourcesBuildPhase section */

/* Begin PBXSourcesBuildPhase section */
		244C19D61ABBFFC000813708 /* Sources */ = {
			isa = PBXSourcesBuildPhase;
			buildActionMask = 2147483647;
			files = (
				24E8197C1ACD9327007577F6 /* JHProgressHUD.swift in Sources */,
				244C1A0A1ABC007800813708 /* AlamofireExt.swift in Sources */,
				240D52B31ADEB69E00B8E112 /* UIControl.swift in Sources */,
				24C388451AE38F5600C05A2D /* CE_NotificationCenter.swift in Sources */,
				240D52B91ADEB69E00B8E112 /* UIStepper.swift in Sources */,
				242E35BB1AC164D1001EDA0D /* UserInfoViewController.swift in Sources */,
				24FFD5F91ABEBD9400F0C147 /* Date.swift in Sources */,
				24E79A181AE00AB900347C06 /* CE_UIViewController.swift in Sources */,
				24AA683F1AC3928700F79324 /* DefulatIconsViewController.swift in Sources */,
				240D529F1ADEB54900B8E112 /* UIImage+Decode.swift in Sources */,
				24060F1C1AE69EFB00A405BC /* WordViewController.swift in Sources */,
				247094C21AC543A500A830F3 /* InviteFriendViewController.swift in Sources */,
				240D529E1ADEB54900B8E112 /* String+MD5.swift in Sources */,
				24E79A1A1AE00AFA00347C06 /* CE_UINavigationController.swift in Sources */,
				24E0EF5D1AF2664D00B44C68 /* PartnerMessageTableViewCell.swift in Sources */,
				240D529C1ADEB54900B8E112 /* KingfisherManager.swift in Sources */,
				24E02CFF1ACAD10B00A17D13 /* Int.swift in Sources */,
				240D52B21ADEB69E00B8E112 /* UIButton.swift in Sources */,
				240D529A1ADEB54900B8E112 /* ImageDownloader.swift in Sources */,
				24F3C09D1AC51CBB00E9FF49 /* FriendsViewController.swift in Sources */,
				24E3E9681AD2943F00B51FBE /* WordImageCreateViewController.swift in Sources */,
				24E0EF501AF25E9900B44C68 /* PartnerMessagesViewController.swift in Sources */,
				240D529D1ADEB54900B8E112 /* KingfisherOptions.swift in Sources */,
				24E3E96A1AD2947000B51FBE /* WordSoundCreateViewController.swift in Sources */,
				24E1F7D91AE68D2000A77A16 /* CE_UITextField.swift in Sources */,
				244C1A0F1ABC053A00813708 /* Alamofire.swift in Sources */,
				240D52B61ADEB69E00B8E112 /* UIRefreshControl.swift in Sources */,
				24E02D021ACAD10B00A17D13 /* Range.swift in Sources */,
				242E35B91AC14DA2001EDA0D /* PublicFunc.swift in Sources */,
				24E02CF81ACAD10B00A17D13 /* Array.swift in Sources */,
				24E3E94D1AD266BF00B51FBE /* amrFileCodec.mm in Sources */,
				24E827A21ADEA40700813C34 /* CE_UITableView.swift in Sources */,
				24E649281AE35D0B00B5228A /* BlacklistAddViewController.swift in Sources */,
				24E3E95F1AD277C800B51FBE /* ImageCollectionViewCell.swift in Sources */,
				24E02CFB1ACAD10B00A17D13 /* Double.swift in Sources */,
				240D52AF1ADEB69E00B8E112 /* UIActionSheet.swift in Sources */,
				24E3E94E1AD266BF00B51FBE /* wav.mm in Sources */,
				240D52BB1ADEB69E00B8E112 /* UITextField.swift in Sources */,
				24E02D001ACAD10B00A17D13 /* NSArray.swift in Sources */,
				24668F8F1ABFFE5A00A303FE /* ServerDataModel.swift in Sources */,
				24E0A3031ABFF337002D6E7F /* AppDelegateExt.swift in Sources */,
				24E02CFA1ACAD10B00A17D13 /* Dictionary.swift in Sources */,
				24E02CFC1ACAD10B00A17D13 /* ExSwift.swift in Sources */,
				24E3E9541AD26A2000B51FBE /* VoiceConverter.mm in Sources */,
				24E806261AE5361C004AD0F5 /* WordTableViewCell.swift in Sources */,
				2486F6B31ABE97E40007E070 /* ServerHelper.swift in Sources */,
				24E02CF91ACAD10B00A17D13 /* Character.swift in Sources */,
				244C19E01ABBFFC000813708 /* AppDelegate.swift in Sources */,
				24FFD5F31ABEAE2C00F0C147 /* UserInfo.swift in Sources */,
				240D52B41ADEB69E00B8E112 /* UIDatePicker.swift in Sources */,
				24DEA24D1AF117B200E0E4AD /* PartnerViewController.swift in Sources */,
				24AA68411AC3D4C400F79324 /* HomeViewController.swift in Sources */,
				24B7808E1AE254FE00460DE3 /* BlacklistViewController.swift in Sources */,
				24E02D011ACAD10B00A17D13 /* NSDate.swift in Sources */,
				247094C41AC546BF00A830F3 /* InviteContactsTableViewController.swift in Sources */,
				24060F1A1AE6960300A405BC /* StatisticsViewController.swift in Sources */,
				2486F6B51ABE99E70007E070 /* Const.swift in Sources */,
				24E3E9651AD27CD800B51FBE /* FriendCollectionViewCell.swift in Sources */,
				240D52B51ADEB69E00B8E112 /* UIGestureRecognizer.swift in Sources */,
				240D52B71ADEB69E00B8E112 /* UISegmentedControl.swift in Sources */,
				24E806291AE53AF1004AD0F5 /* DictionaryViewController.swift in Sources */,
				24E02CFD1ACAD10B00A17D13 /* Float.swift in Sources */,
				2486F6B11ABE92BD0007E070 /* SlideshowViewController.swift in Sources */,
				24E1519A1AEE79670013FD74 /* SelectFriendsViewController.swift in Sources */,
				240D52991ADEB54900B8E112 /* ImageCache.swift in Sources */,
				24E0A3011ABFF0D5002D6E7F /* LaunchScreenViewController.swift in Sources */,
				24E02D031ACAD10B00A17D13 /* Sequence.swift in Sources */,
				24ADB4351AE7DF4C000B4B59 /* MessagesViewController.swift in Sources */,
				24E79A1C1AE00C1900347C06 /* CE_UIImagePickerController.swift in Sources */,
				240D52B01ADEB69E00B8E112 /* UIAlertView.swift in Sources */,
				24E02D041ACAD10B00A17D13 /* String.swift in Sources */,
				2426E8CF1AD96A4E00E47636 /* CE_UICollectionView.swift in Sources */,
				240D52BA1ADEB69E00B8E112 /* UISwitch.swift in Sources */,
				240D52A01ADEB54900B8E112 /* UIImageView+Kingfisher.swift in Sources */,
				240D52B11ADEB69E00B8E112 /* UIBarButtonItem.swift in Sources */,
				24E3E9561AD26FA200B51FBE /* SendMessageViewController.swift in Sources */,
				24019C4D1ABC19A100672673 /* RegisterViewController.swift in Sources */,
				240D52B81ADEB69E00B8E112 /* UISlider.swift in Sources */,
				2426E8D01AD96A4E00E47636 /* CE_UIScrollView.swift in Sources */,
				24B7808C1AE2522800460DE3 /* ProjectFunc.swift in Sources */,
			);
			runOnlyForDeploymentPostprocessing = 0;
		};
		244C19EB1ABBFFC000813708 /* Sources */ = {
			isa = PBXSourcesBuildPhase;
			buildActionMask = 2147483647;
			files = (
				244C19F61ABBFFC000813708 /* appWEITests.swift in Sources */,
			);
			runOnlyForDeploymentPostprocessing = 0;
		};
/* End PBXSourcesBuildPhase section */

/* Begin PBXTargetDependency section */
		244C19F11ABBFFC000813708 /* PBXTargetDependency */ = {
			isa = PBXTargetDependency;
			target = 244C19D91ABBFFC000813708 /* appWEI */;
			targetProxy = 244C19F01ABBFFC000813708 /* PBXContainerItemProxy */;
		};
		24ADB44B1AE7EBEC000B4B59 /* PBXTargetDependency */ = {
			isa = PBXTargetDependency;
			name = RSBarcodes;
			targetProxy = 24ADB44A1AE7EBEC000B4B59 /* PBXContainerItemProxy */;
		};
		24E28C8F1AEB9C7500BAD6B3 /* PBXTargetDependency */ = {
			isa = PBXTargetDependency;
			name = RSBarcodes;
			targetProxy = 24E28C8E1AEB9C7500BAD6B3 /* PBXContainerItemProxy */;
		};
		24E28C941AEB9CF700BAD6B3 /* PBXTargetDependency */ = {
			isa = PBXTargetDependency;
			name = RSBarcodes;
			targetProxy = 24E28C931AEB9CF700BAD6B3 /* PBXContainerItemProxy */;
		};
/* End PBXTargetDependency section */

/* Begin PBXVariantGroup section */
		244C19E31ABBFFC000813708 /* Main.storyboard */ = {
			isa = PBXVariantGroup;
			children = (
				244C19E41ABBFFC000813708 /* Base */,
			);
			name = Main.storyboard;
			sourceTree = "<group>";
		};
		244C19E81ABBFFC000813708 /* LaunchScreen.xib */ = {
			isa = PBXVariantGroup;
			children = (
				244C19E91ABBFFC000813708 /* Base */,
			);
			name = LaunchScreen.xib;
			sourceTree = "<group>";
		};
		24DEA2551AF132F600E0E4AD /* ShareSDKLocalizable.strings */ = {
			isa = PBXVariantGroup;
			children = (
				24DEA2561AF132F600E0E4AD /* en */,
				24DEA2591AF132F600E0E4AD /* zh-Hans */,
			);
			name = ShareSDKLocalizable.strings;
			sourceTree = "<group>";
		};
/* End PBXVariantGroup section */

/* Begin XCBuildConfiguration section */
		244C19F71ABBFFC000813708 /* Debug */ = {
			isa = XCBuildConfiguration;
			buildSettings = {
				ALWAYS_SEARCH_USER_PATHS = NO;
				CLANG_CXX_LANGUAGE_STANDARD = "gnu++0x";
				CLANG_CXX_LIBRARY = "libc++";
				CLANG_ENABLE_MODULES = YES;
				CLANG_ENABLE_OBJC_ARC = YES;
				CLANG_WARN_BOOL_CONVERSION = YES;
				CLANG_WARN_CONSTANT_CONVERSION = YES;
				CLANG_WARN_DIRECT_OBJC_ISA_USAGE = YES_ERROR;
				CLANG_WARN_EMPTY_BODY = YES;
				CLANG_WARN_ENUM_CONVERSION = YES;
				CLANG_WARN_INT_CONVERSION = YES;
				CLANG_WARN_OBJC_ROOT_CLASS = YES_ERROR;
				CLANG_WARN_UNREACHABLE_CODE = YES;
				CLANG_WARN__DUPLICATE_METHOD_MATCH = YES;
				"CODE_SIGN_IDENTITY[sdk=iphoneos*]" = "iPhone Developer";
				COPY_PHASE_STRIP = NO;
				ENABLE_STRICT_OBJC_MSGSEND = YES;
				GCC_C_LANGUAGE_STANDARD = gnu99;
				GCC_DYNAMIC_NO_PIC = NO;
				GCC_OPTIMIZATION_LEVEL = 0;
				GCC_PREPROCESSOR_DEFINITIONS = (
					"DEBUG=1",
					"$(inherited)",
				);
				GCC_SYMBOLS_PRIVATE_EXTERN = NO;
				GCC_WARN_64_TO_32_BIT_CONVERSION = YES;
				GCC_WARN_ABOUT_RETURN_TYPE = YES_ERROR;
				GCC_WARN_UNDECLARED_SELECTOR = YES;
				GCC_WARN_UNINITIALIZED_AUTOS = YES_AGGRESSIVE;
				GCC_WARN_UNUSED_FUNCTION = YES;
				GCC_WARN_UNUSED_VARIABLE = YES;
				IPHONEOS_DEPLOYMENT_TARGET = 7.0;
				MTL_ENABLE_DEBUG_INFO = YES;
				ONLY_ACTIVE_ARCH = YES;
				OTHER_SWIFT_FLAGS = "-D DEBUG";
				SDKROOT = iphoneos;
				SWIFT_OPTIMIZATION_LEVEL = "-Onone";
			};
			name = Debug;
		};
		244C19F81ABBFFC000813708 /* Release */ = {
			isa = XCBuildConfiguration;
			buildSettings = {
				ALWAYS_SEARCH_USER_PATHS = NO;
				CLANG_CXX_LANGUAGE_STANDARD = "gnu++0x";
				CLANG_CXX_LIBRARY = "libc++";
				CLANG_ENABLE_MODULES = YES;
				CLANG_ENABLE_OBJC_ARC = YES;
				CLANG_WARN_BOOL_CONVERSION = YES;
				CLANG_WARN_CONSTANT_CONVERSION = YES;
				CLANG_WARN_DIRECT_OBJC_ISA_USAGE = YES_ERROR;
				CLANG_WARN_EMPTY_BODY = YES;
				CLANG_WARN_ENUM_CONVERSION = YES;
				CLANG_WARN_INT_CONVERSION = YES;
				CLANG_WARN_OBJC_ROOT_CLASS = YES_ERROR;
				CLANG_WARN_UNREACHABLE_CODE = YES;
				CLANG_WARN__DUPLICATE_METHOD_MATCH = YES;
				"CODE_SIGN_IDENTITY[sdk=iphoneos*]" = "iPhone Developer";
				COPY_PHASE_STRIP = YES;
				ENABLE_NS_ASSERTIONS = NO;
				ENABLE_STRICT_OBJC_MSGSEND = YES;
				GCC_C_LANGUAGE_STANDARD = gnu99;
				GCC_WARN_64_TO_32_BIT_CONVERSION = YES;
				GCC_WARN_ABOUT_RETURN_TYPE = YES_ERROR;
				GCC_WARN_UNDECLARED_SELECTOR = YES;
				GCC_WARN_UNINITIALIZED_AUTOS = YES_AGGRESSIVE;
				GCC_WARN_UNUSED_FUNCTION = YES;
				GCC_WARN_UNUSED_VARIABLE = YES;
				IPHONEOS_DEPLOYMENT_TARGET = 7.0;
				MTL_ENABLE_DEBUG_INFO = NO;
				OTHER_SWIFT_FLAGS = "-D DEBUG";
				SDKROOT = iphoneos;
				VALIDATE_PRODUCT = YES;
			};
			name = Release;
		};
		244C19FA1ABBFFC000813708 /* Debug */ = {
			isa = XCBuildConfiguration;
			buildSettings = {
				ASSETCATALOG_COMPILER_APPICON_NAME = AppIcon;
				ASSETCATALOG_COMPILER_LAUNCHIMAGE_NAME = LaunchImage;
				CODE_SIGN_IDENTITY = "iPhone Developer: Shing Fai Chan (5VTZQG75NA)";
				"CODE_SIGN_IDENTITY[sdk=iphoneos*]" = "iPhone Developer: Shing Fai Chan (5VTZQG75NA)";
				FRAMEWORK_SEARCH_PATHS = (
					"$(inherited)",
					"$(PROJECT_DIR)/appWEI/Vendor/ShareSDK/Connection",
					"$(PROJECT_DIR)/appWEI/Vendor/ShareSDK/Core",
					"$(PROJECT_DIR)/appWEI/Vendor/ShareSDK",
				);
				INFOPLIST_FILE = appWEI/Info.plist;
				LD_RUNPATH_SEARCH_PATHS = "$(inherited) @executable_path/Frameworks";
				LIBRARY_SEARCH_PATHS = (
					"$(inherited)",
					"$(PROJECT_DIR)/appWEI/Vendor/arm/lib",
					"$(PROJECT_DIR)/appWEI/Vendor/ShareSDK/Extend/WeChatSDK",
				);
				PRODUCT_NAME = "$(TARGET_NAME)";
				PROVISIONING_PROFILE = "";
				SWIFT_OBJC_BRIDGING_HEADER = "appWEI/appWEI-Bridging-Header.h";
			};
			name = Debug;
		};
		244C19FB1ABBFFC000813708 /* Release */ = {
			isa = XCBuildConfiguration;
			buildSettings = {
				ASSETCATALOG_COMPILER_APPICON_NAME = AppIcon;
				ASSETCATALOG_COMPILER_LAUNCHIMAGE_NAME = LaunchImage;
				CODE_SIGN_IDENTITY = "iPhone Developer: Shing Fai Chan (5VTZQG75NA)";
				"CODE_SIGN_IDENTITY[sdk=iphoneos*]" = "iPhone Developer: Shing Fai Chan (5VTZQG75NA)";
				FRAMEWORK_SEARCH_PATHS = (
					"$(inherited)",
					"$(PROJECT_DIR)/appWEI/Vendor/ShareSDK/Connection",
					"$(PROJECT_DIR)/appWEI/Vendor/ShareSDK/Core",
					"$(PROJECT_DIR)/appWEI/Vendor/ShareSDK",
				);
				INFOPLIST_FILE = appWEI/Info.plist;
				LD_RUNPATH_SEARCH_PATHS = "$(inherited) @executable_path/Frameworks";
				LIBRARY_SEARCH_PATHS = (
					"$(inherited)",
					"$(PROJECT_DIR)/appWEI/Vendor/arm/lib",
					"$(PROJECT_DIR)/appWEI/Vendor/ShareSDK/Extend/WeChatSDK",
				);
				PRODUCT_NAME = "$(TARGET_NAME)";
				PROVISIONING_PROFILE = "";
				SWIFT_OBJC_BRIDGING_HEADER = "appWEI/appWEI-Bridging-Header.h";
			};
			name = Release;
		};
		244C19FD1ABBFFC000813708 /* Debug */ = {
			isa = XCBuildConfiguration;
			buildSettings = {
				BUNDLE_LOADER = "$(TEST_HOST)";
				FRAMEWORK_SEARCH_PATHS = (
					"$(SDKROOT)/Developer/Library/Frameworks",
					"$(inherited)",
				);
				GCC_PREPROCESSOR_DEFINITIONS = (
					"DEBUG=1",
					"$(inherited)",
				);
				INFOPLIST_FILE = appWEITests/Info.plist;
				LD_RUNPATH_SEARCH_PATHS = "$(inherited) @executable_path/Frameworks @loader_path/Frameworks";
				PRODUCT_NAME = "$(TARGET_NAME)";
				TEST_HOST = "$(BUILT_PRODUCTS_DIR)/appWEI.app/appWEI";
			};
			name = Debug;
		};
		244C19FE1ABBFFC000813708 /* Release */ = {
			isa = XCBuildConfiguration;
			buildSettings = {
				BUNDLE_LOADER = "$(TEST_HOST)";
				FRAMEWORK_SEARCH_PATHS = (
					"$(SDKROOT)/Developer/Library/Frameworks",
					"$(inherited)",
				);
				INFOPLIST_FILE = appWEITests/Info.plist;
				LD_RUNPATH_SEARCH_PATHS = "$(inherited) @executable_path/Frameworks @loader_path/Frameworks";
				PRODUCT_NAME = "$(TARGET_NAME)";
				TEST_HOST = "$(BUILT_PRODUCTS_DIR)/appWEI.app/appWEI";
			};
			name = Release;
		};
/* End XCBuildConfiguration section */

/* Begin XCConfigurationList section */
		244C19D51ABBFFC000813708 /* Build configuration list for PBXProject "appWEI" */ = {
			isa = XCConfigurationList;
			buildConfigurations = (
				244C19F71ABBFFC000813708 /* Debug */,
				244C19F81ABBFFC000813708 /* Release */,
			);
			defaultConfigurationIsVisible = 0;
			defaultConfigurationName = Release;
		};
		244C19F91ABBFFC000813708 /* Build configuration list for PBXNativeTarget "appWEI" */ = {
			isa = XCConfigurationList;
			buildConfigurations = (
				244C19FA1ABBFFC000813708 /* Debug */,
				244C19FB1ABBFFC000813708 /* Release */,
			);
			defaultConfigurationIsVisible = 0;
			defaultConfigurationName = Release;
		};
		244C19FC1ABBFFC000813708 /* Build configuration list for PBXNativeTarget "appWEITests" */ = {
			isa = XCConfigurationList;
			buildConfigurations = (
				244C19FD1ABBFFC000813708 /* Debug */,
				244C19FE1ABBFFC000813708 /* Release */,
			);
			defaultConfigurationIsVisible = 0;
			defaultConfigurationName = Release;
		};
/* End XCConfigurationList section */
	};
	rootObject = 244C19D21ABBFFC000813708 /* Project object */;
}
